// !$*UTF8*$!
{
	archiveVersion = 1;
	classes = {
	};
	objectVersion = 56;
	objects = {

/* Begin PBXBuildFile section */
		0D1F7AFB2AB5B3420008D9F8 /* UserDefaultsManagerProtocol.swift in Sources */ = {isa = PBXBuildFile; fileRef = 0D1F7AF92AB5B3420008D9F8 /* UserDefaultsManagerProtocol.swift */; };
		0D1F7AFC2AB5B3420008D9F8 /* UserDefaultsManager.swift in Sources */ = {isa = PBXBuildFile; fileRef = 0D1F7AFA2AB5B3420008D9F8 /* UserDefaultsManager.swift */; };
		0D1F7B012AB728490008D9F8 /* SFProText-Semibold.ttf in Resources */ = {isa = PBXBuildFile; fileRef = 0DF7B6A02AAC45F5008D7979 /* SFProText-Semibold.ttf */; };
		0D1F7B042AB84A1A0008D9F8 /* CompareView.swift in Sources */ = {isa = PBXBuildFile; fileRef = 0D1F7B032AB84A1A0008D9F8 /* CompareView.swift */; };
		0D1F7B062AB98FC40008D9F8 /* Satoshi-Medium.ttf in Resources */ = {isa = PBXBuildFile; fileRef = 0D1F7B052AB98FC40008D9F8 /* Satoshi-Medium.ttf */; };
		0D1F7B082ABB04CA0008D9F8 /* CompareViewModel.swift in Sources */ = {isa = PBXBuildFile; fileRef = 0D1F7B072ABB04CA0008D9F8 /* CompareViewModel.swift */; };
		0D1F7B0A2ABB04D70008D9F8 /* CompareViewModelProtocol.swift in Sources */ = {isa = PBXBuildFile; fileRef = 0D1F7B092ABB04D70008D9F8 /* CompareViewModelProtocol.swift */; };
		0D1F7B0F2ABC55E40008D9F8 /* SkeletonView in Frameworks */ = {isa = PBXBuildFile; productRef = 0D1F7B0E2ABC55E40008D9F8 /* SkeletonView */; };
		0D1F7B152ABDCCBB0008D9F8 /* Kingfisher in Frameworks */ = {isa = PBXBuildFile; productRef = 0D1F7B142ABDCCBB0008D9F8 /* Kingfisher */; };
		0D1F7B192AC0C62A0008D9F8 /* UserType.swift in Sources */ = {isa = PBXBuildFile; fileRef = 0D1F7B182AC0C62A0008D9F8 /* UserType.swift */; };
		0D1F7B1B2AC0C6450008D9F8 /* URLPair.swift in Sources */ = {isa = PBXBuildFile; fileRef = 0D1F7B1A2AC0C6450008D9F8 /* URLPair.swift */; };
		0D1F7B1D2AC0C66A0008D9F8 /* ImagePair.swift in Sources */ = {isa = PBXBuildFile; fileRef = 0D1F7B1C2AC0C66A0008D9F8 /* ImagePair.swift */; };
		0D1F7B1F2AC0C6810008D9F8 /* UserPair.swift in Sources */ = {isa = PBXBuildFile; fileRef = 0D1F7B1E2AC0C6810008D9F8 /* UserPair.swift */; };
		0D1F7B212AC0C6AC0008D9F8 /* UserInfo.swift in Sources */ = {isa = PBXBuildFile; fileRef = 0D1F7B202AC0C6AC0008D9F8 /* UserInfo.swift */; };
		0D3843352AE26D9400E34EDC /* DeleteAccountView.swift in Sources */ = {isa = PBXBuildFile; fileRef = 0D3843342AE26D9400E34EDC /* DeleteAccountView.swift */; };
		0D4D1EBC2AE1191B00ED7929 /* ProfileEditingViewModel.swift in Sources */ = {isa = PBXBuildFile; fileRef = 0D4D1EBB2AE1191B00ED7929 /* ProfileEditingViewModel.swift */; };
		0D4D1EBE2AE11A2800ED7929 /* ProfileEditingViewController.swift in Sources */ = {isa = PBXBuildFile; fileRef = 0D4D1EBD2AE11A2800ED7929 /* ProfileEditingViewController.swift */; };
		0D4D1EC02AE11A6400ED7929 /* ProfileEditingViewModelProtocol.swift in Sources */ = {isa = PBXBuildFile; fileRef = 0D4D1EBF2AE11A6400ED7929 /* ProfileEditingViewModelProtocol.swift */; };
		0D4D1EC22AE1223E00ED7929 /* ProfileEditingOptions.swift in Sources */ = {isa = PBXBuildFile; fileRef = 0D4D1EC12AE1223E00ED7929 /* ProfileEditingOptions.swift */; };
		0D4D1EC52AE159B900ED7929 /* ProfileSettingsViewItem.swift in Sources */ = {isa = PBXBuildFile; fileRef = 0D4D1EC42AE159B900ED7929 /* ProfileSettingsViewItem.swift */; };
		0D4D1ECB2AE1993500ED7929 /* PhotoEditingViewController.swift in Sources */ = {isa = PBXBuildFile; fileRef = 0D4D1ECA2AE1993500ED7929 /* PhotoEditingViewController.swift */; };
		0D4D1ECD2AE19AB900ED7929 /* PhotoEditingViewModel.swift in Sources */ = {isa = PBXBuildFile; fileRef = 0D4D1ECC2AE19AB900ED7929 /* PhotoEditingViewModel.swift */; };
		0D4D1ECF2AE19AC800ED7929 /* PhotoEditingViewModelProtocol.swift in Sources */ = {isa = PBXBuildFile; fileRef = 0D4D1ECE2AE19AC800ED7929 /* PhotoEditingViewModelProtocol.swift */; };
		0D4D1ED12AE1A9F200ED7929 /* InformationEditingViewModel.swift in Sources */ = {isa = PBXBuildFile; fileRef = 0D4D1ED02AE1A9F200ED7929 /* InformationEditingViewModel.swift */; };
		0D4D1ED32AE1AA0900ED7929 /* InformationEditingViewModelProtocol.swift in Sources */ = {isa = PBXBuildFile; fileRef = 0D4D1ED22AE1AA0900ED7929 /* InformationEditingViewModelProtocol.swift */; };
		0D4D1ED52AE1AAF700ED7929 /* InformationEditingViewController.swift in Sources */ = {isa = PBXBuildFile; fileRef = 0D4D1ED42AE1AAF700ED7929 /* InformationEditingViewController.swift */; };
		0D8AAB1D2A9E8B050088987F /* PolicyLabel.swift in Sources */ = {isa = PBXBuildFile; fileRef = 0D8AAB1C2A9E8B050088987F /* PolicyLabel.swift */; };
		0D8AAB282A9E8DB00088987F /* BackgroundImageView.swift in Sources */ = {isa = PBXBuildFile; fileRef = 0D8AAB272A9E8DB00088987F /* BackgroundImageView.swift */; };
		0D8AAB312A9F1D330088987F /* FirebaseAuth in Frameworks */ = {isa = PBXBuildFile; productRef = 0D8AAB302A9F1D330088987F /* FirebaseAuth */; };
		0D8AAB352A9F1D330088987F /* FirebaseStorage in Frameworks */ = {isa = PBXBuildFile; productRef = 0D8AAB342A9F1D330088987F /* FirebaseStorage */; };
		0D8AAB372A9F27140088987F /* LoginViewModel.swift in Sources */ = {isa = PBXBuildFile; fileRef = 0D8AAB362A9F27140088987F /* LoginViewModel.swift */; };
		0D8AAB3B2A9F44F20088987F /* RegisterInputView.swift in Sources */ = {isa = PBXBuildFile; fileRef = 0D8AAB3A2A9F44F20088987F /* RegisterInputView.swift */; };
		0D8AAB3D2A9F52880088987F /* RegInputEnum.swift in Sources */ = {isa = PBXBuildFile; fileRef = 0D8AAB3C2A9F52880088987F /* RegInputEnum.swift */; };
		0D8AAB402A9F8EF70088987F /* GoogleService-Info.plist in Resources */ = {isa = PBXBuildFile; fileRef = 0D8AAB3F2A9F8EF70088987F /* GoogleService-Info.plist */; };
		0D8AAB422A9FE0500088987F /* Injected.swift in Sources */ = {isa = PBXBuildFile; fileRef = 0D8AAB412A9FE0500088987F /* Injected.swift */; };
		0D8AAB462A9FE0CB0088987F /* IconManager.swift in Sources */ = {isa = PBXBuildFile; fileRef = 0D8AAB452A9FE0CB0088987F /* IconManager.swift */; };
		0D983BA12AC16F25007F992E /* CompareError.swift in Sources */ = {isa = PBXBuildFile; fileRef = 0D983BA02AC16F25007F992E /* CompareError.swift */; };
		0D99B43F2AC4545100BB99BD /* DataKey.swift in Sources */ = {isa = PBXBuildFile; fileRef = 0D99B43E2AC4545100BB99BD /* DataKey.swift */; };
		0D99B4462AC551D000BB99BD /* RatingViewModel.swift in Sources */ = {isa = PBXBuildFile; fileRef = 0D99B4452AC551D000BB99BD /* RatingViewModel.swift */; };
		0D99B4482AC551D800BB99BD /* RatingViewModelProtocol.swift in Sources */ = {isa = PBXBuildFile; fileRef = 0D99B4472AC551D800BB99BD /* RatingViewModelProtocol.swift */; };
		0D99B44B2AC552BC00BB99BD /* RatingHeaderView.swift in Sources */ = {isa = PBXBuildFile; fileRef = 0D99B44A2AC552BC00BB99BD /* RatingHeaderView.swift */; };
		0D99B44D2AC552DD00BB99BD /* TopUserView.swift in Sources */ = {isa = PBXBuildFile; fileRef = 0D99B44C2AC552DD00BB99BD /* TopUserView.swift */; };
		0D9B89D92A9B6A2900709A00 /* AppDelegate.swift in Sources */ = {isa = PBXBuildFile; fileRef = 0D9B89D82A9B6A2900709A00 /* AppDelegate.swift */; };
		0D9B89DB2A9B6A2900709A00 /* SceneDelegate.swift in Sources */ = {isa = PBXBuildFile; fileRef = 0D9B89DA2A9B6A2900709A00 /* SceneDelegate.swift */; };
		0D9B89DD2A9B6A2900709A00 /* RegistrationViewController.swift in Sources */ = {isa = PBXBuildFile; fileRef = 0D9B89DC2A9B6A2900709A00 /* RegistrationViewController.swift */; };
		0D9B89E22A9B6A2A00709A00 /* Assets.xcassets in Resources */ = {isa = PBXBuildFile; fileRef = 0D9B89E12A9B6A2A00709A00 /* Assets.xcassets */; };
		0D9B89E52A9B6A2A00709A00 /* LaunchScreen.storyboard in Resources */ = {isa = PBXBuildFile; fileRef = 0D9B89E32A9B6A2A00709A00 /* LaunchScreen.storyboard */; };
		0D9B89F22A9CAA0400709A00 /* DefinitionLabel.swift in Sources */ = {isa = PBXBuildFile; fileRef = 0D9B89F12A9CAA0400709A00 /* DefinitionLabel.swift */; };
		0D9B89F42A9CB21B00709A00 /* RegistrationTextField.swift in Sources */ = {isa = PBXBuildFile; fileRef = 0D9B89F32A9CB21B00709A00 /* RegistrationTextField.swift */; };
		0D9B89F62A9CC0F100709A00 /* ErrorLabel.swift in Sources */ = {isa = PBXBuildFile; fileRef = 0D9B89F52A9CC0F100709A00 /* ErrorLabel.swift */; };
		0D9B89F82A9CD12000709A00 /* AuthButton.swift in Sources */ = {isa = PBXBuildFile; fileRef = 0D9B89F72A9CD12000709A00 /* AuthButton.swift */; };
		0D9B89FB2A9CDBA500709A00 /* Extensions + UImage.swift in Sources */ = {isa = PBXBuildFile; fileRef = 0D9B89FA2A9CDBA500709A00 /* Extensions + UImage.swift */; };
		0D9B8A002A9D01BE00709A00 /* Gesture.swift in Sources */ = {isa = PBXBuildFile; fileRef = 0D9B89FF2A9D01BE00709A00 /* Gesture.swift */; };
		0D9B8A022A9D01D800709A00 /* Extensions + UITextField.swift in Sources */ = {isa = PBXBuildFile; fileRef = 0D9B8A012A9D01D800709A00 /* Extensions + UITextField.swift */; };
		0D9B8A042A9D025C00709A00 /* UIControl.swift in Sources */ = {isa = PBXBuildFile; fileRef = 0D9B8A032A9D025C00709A00 /* UIControl.swift */; };
		0D9B8A072A9D2DAE00709A00 /* BaseCoordinator.swift in Sources */ = {isa = PBXBuildFile; fileRef = 0D9B8A062A9D2DAE00709A00 /* BaseCoordinator.swift */; };
		0D9B8A092A9D2DDD00709A00 /* BaseCoordinatorsProtocol.swift in Sources */ = {isa = PBXBuildFile; fileRef = 0D9B8A082A9D2DDD00709A00 /* BaseCoordinatorsProtocol.swift */; };
		0D9B8A0B2A9D2DFC00709A00 /* BaseViewModelInputProtocol.swift in Sources */ = {isa = PBXBuildFile; fileRef = 0D9B8A0A2A9D2DFC00709A00 /* BaseViewModelInputProtocol.swift */; };
		0D9B8A0D2A9D2E7B00709A00 /* NavigationController.swift in Sources */ = {isa = PBXBuildFile; fileRef = 0D9B8A0C2A9D2E7B00709A00 /* NavigationController.swift */; };
		0D9B8A0F2A9D2E9000709A00 /* AppRouter.swift in Sources */ = {isa = PBXBuildFile; fileRef = 0D9B8A0E2A9D2E9000709A00 /* AppRouter.swift */; };
		0D9B8A112A9D2EC100709A00 /* RootCoordinator.swift in Sources */ = {isa = PBXBuildFile; fileRef = 0D9B8A102A9D2EC100709A00 /* RootCoordinator.swift */; };
		0D9B8A162A9D380000709A00 /* LoginViewController.swift in Sources */ = {isa = PBXBuildFile; fileRef = 0D9B8A152A9D380000709A00 /* LoginViewController.swift */; };
		0D9B8A182A9DEF5A00709A00 /* SFProText-Medium.ttf in Resources */ = {isa = PBXBuildFile; fileRef = 0D9B8A172A9DEF5A00709A00 /* SFProText-Medium.ttf */; };
		0D9B8A1A2A9DEFAB00709A00 /* Cormorant-SemiBoldItalic.ttf in Resources */ = {isa = PBXBuildFile; fileRef = 0D9B8A192A9DEFAB00709A00 /* Cormorant-SemiBoldItalic.ttf */; };
		0D9B8A1D2A9DFA9E00709A00 /* SFProText-Regular.ttf in Resources */ = {isa = PBXBuildFile; fileRef = 0D9B8A1C2A9DFA9E00709A00 /* SFProText-Regular.ttf */; };
		0DAC72F42AC5AF6300912D6D /* TopPlaceLabel.swift in Sources */ = {isa = PBXBuildFile; fileRef = 0DAC72F32AC5AF6300912D6D /* TopPlaceLabel.swift */; };
		0DAC72F62AC6F3A100912D6D /* UserRatingCellCollectionViewCell.swift in Sources */ = {isa = PBXBuildFile; fileRef = 0DAC72F52AC6F3A100912D6D /* UserRatingCellCollectionViewCell.swift */; };
		0DAC72F82AC8C08C00912D6D /* TableViewExtensions.swift in Sources */ = {isa = PBXBuildFile; fileRef = 0DAC72F72AC8C08C00912D6D /* TableViewExtensions.swift */; };
		0DAC72FA2ACAF24500912D6D /* UserRating.swift in Sources */ = {isa = PBXBuildFile; fileRef = 0DAC72F92ACAF24500912D6D /* UserRating.swift */; };
		0DAC72FC2ACC55CF00912D6D /* UsersViewItem.swift in Sources */ = {isa = PBXBuildFile; fileRef = 0DAC72FB2ACC55CF00912D6D /* UsersViewItem.swift */; };
		0DAC72FE2ACE3D1F00912D6D /* CurrentUserView.swift in Sources */ = {isa = PBXBuildFile; fileRef = 0DAC72FD2ACE3D1F00912D6D /* CurrentUserView.swift */; };
		0DB204BB2AA7B9FA0040551D /* FirebaseFirestoreSwift in Frameworks */ = {isa = PBXBuildFile; productRef = 0DB204BA2AA7B9FA0040551D /* FirebaseFirestoreSwift */; };
		0DB204BD2AA86FF30040551D /* AuthDataResultModel.swift in Sources */ = {isa = PBXBuildFile; fileRef = 0DB204BC2AA86FF30040551D /* AuthDataResultModel.swift */; };
		0DB204BF2AA921F30040551D /* Extensions + UITapGestureRecognizer.swift in Sources */ = {isa = PBXBuildFile; fileRef = 0DB204BE2AA921F30040551D /* Extensions + UITapGestureRecognizer.swift */; };
		0DB204C12AA9DBC10040551D /* ColorManager.swift in Sources */ = {isa = PBXBuildFile; fileRef = 0DB204C02AA9DBC10040551D /* ColorManager.swift */; };
		0DB204C32AA9E9660040551D /* ProfilePictureUploadViewModel.swift in Sources */ = {isa = PBXBuildFile; fileRef = 0DB204C22AA9E9660040551D /* ProfilePictureUploadViewModel.swift */; };
		0DB204C52AA9E98A0040551D /* ProfilePictureUploadViewModelProtocol.swift in Sources */ = {isa = PBXBuildFile; fileRef = 0DB204C42AA9E98A0040551D /* ProfilePictureUploadViewModelProtocol.swift */; };
		0DB204C82AA9EAB10040551D /* StorageManager.swift in Sources */ = {isa = PBXBuildFile; fileRef = 0DB204C72AA9EAB10040551D /* StorageManager.swift */; };
		0DB204CB2AA9F7360040551D /* CropViewController in Frameworks */ = {isa = PBXBuildFile; productRef = 0DB204CA2AA9F7360040551D /* CropViewController */; };
		0DB204CD2AAA15AD0040551D /* StorageManagerProtocol.swift in Sources */ = {isa = PBXBuildFile; fileRef = 0DB204CC2AAA15AD0040551D /* StorageManagerProtocol.swift */; };
		0DBEA9632AA0830A0026C441 /* FontManager.swift in Sources */ = {isa = PBXBuildFile; fileRef = 0DBEA9622AA0830A0026C441 /* FontManager.swift */; };
		0DBEA9652AA085BE0026C441 /* AuthManager.swift in Sources */ = {isa = PBXBuildFile; fileRef = 0DBEA9642AA085BE0026C441 /* AuthManager.swift */; };
		0DBEA9672AA09E450026C441 /* AuthManagerProtocol.swift in Sources */ = {isa = PBXBuildFile; fileRef = 0DBEA9662AA09E450026C441 /* AuthManagerProtocol.swift */; };
		0DBEA9692AA0E4360026C441 /* LoginFlowCoordinator.swift in Sources */ = {isa = PBXBuildFile; fileRef = 0DBEA9682AA0E4360026C441 /* LoginFlowCoordinator.swift */; };
		0DBEA96D2AA1F3030026C441 /* LoginViewModelProtocol.swift in Sources */ = {isa = PBXBuildFile; fileRef = 0DBEA96C2AA1F3030026C441 /* LoginViewModelProtocol.swift */; };
		0DBEA97B2AA247140026C441 /* RegistrationViewModel.swift in Sources */ = {isa = PBXBuildFile; fileRef = 0DBEA97A2AA247140026C441 /* RegistrationViewModel.swift */; };
		0DBEA97D2AA247260026C441 /* RegistrationViewModelProtocol.swift in Sources */ = {isa = PBXBuildFile; fileRef = 0DBEA97C2AA247260026C441 /* RegistrationViewModelProtocol.swift */; };
		0DBEA97F2AA247430026C441 /* FirebaseManager.swift in Sources */ = {isa = PBXBuildFile; fileRef = 0DBEA97E2AA247430026C441 /* FirebaseManager.swift */; };
		0DBEA9812AA247510026C441 /* FirebaseManagerProtocol.swift in Sources */ = {isa = PBXBuildFile; fileRef = 0DBEA9802AA247510026C441 /* FirebaseManagerProtocol.swift */; };
		0DBEA9852AA320040026C441 /* Extension + UIViewController.swift in Sources */ = {isa = PBXBuildFile; fileRef = 0DBEA9842AA320040026C441 /* Extension + UIViewController.swift */; };
		0DBEA9892AA3CCF50026C441 /* BaseViewController.swift in Sources */ = {isa = PBXBuildFile; fileRef = 0DBEA9872AA3CCF50026C441 /* BaseViewController.swift */; };
		0DBEA98A2AA3CCF50026C441 /* BaseViewControllerProtocol.swift in Sources */ = {isa = PBXBuildFile; fileRef = 0DBEA9882AA3CCF50026C441 /* BaseViewControllerProtocol.swift */; };
		0DBEA98C2AA4DDD90026C441 /* Extensions + String.swift in Sources */ = {isa = PBXBuildFile; fileRef = 0DBEA98B2AA4DDD90026C441 /* Extensions + String.swift */; };
		0DBEA9902AA5AC450026C441 /* ProfilePictureUploadViewController.swift in Sources */ = {isa = PBXBuildFile; fileRef = 0DBEA98F2AA5AC450026C441 /* ProfilePictureUploadViewController.swift */; };
		0DBEA9932AA5AF140026C441 /* PhotoAddButton.swift in Sources */ = {isa = PBXBuildFile; fileRef = 0DBEA9922AA5AF140026C441 /* PhotoAddButton.swift */; };
		0DBEA9952AA5CCE30026C441 /* AdviceImageView.swift in Sources */ = {isa = PBXBuildFile; fileRef = 0DBEA9942AA5CCE30026C441 /* AdviceImageView.swift */; };
		0DBEA9972AA6292F0026C441 /* RoundedWhiteView.swift in Sources */ = {isa = PBXBuildFile; fileRef = 0DBEA9962AA6292F0026C441 /* RoundedWhiteView.swift */; };
		0DCA69552AAF4B5F00E19FA8 /* FieldsTypeModel.swift in Sources */ = {isa = PBXBuildFile; fileRef = 0DCA69542AAF4B5F00E19FA8 /* FieldsTypeModel.swift */; };
		0DCA69572AAF64E700E19FA8 /* DBUser.swift in Sources */ = {isa = PBXBuildFile; fileRef = 0DCA69562AAF64E700E19FA8 /* DBUser.swift */; };
		0DCA69592AAF901300E19FA8 /* PreviewView.swift in Sources */ = {isa = PBXBuildFile; fileRef = 0DCA69582AAF901300E19FA8 /* PreviewView.swift */; };
		0DCA69622AB2DE2300E19FA8 /* DataTypeReference.swift in Sources */ = {isa = PBXBuildFile; fileRef = 0DCA69612AB2DE2300E19FA8 /* DataTypeReference.swift */; };
		0DCA69642AB2DEEB00E19FA8 /* FirestoreReference.swift in Sources */ = {isa = PBXBuildFile; fileRef = 0DCA69632AB2DEEB00E19FA8 /* FirestoreReference.swift */; };
		0DCA69662AB3012100E19FA8 /* TabBarCoordinator.swift in Sources */ = {isa = PBXBuildFile; fileRef = 0DCA69652AB3012100E19FA8 /* TabBarCoordinator.swift */; };
		0DCA696C2AB3070400E19FA8 /* CompareViewController.swift in Sources */ = {isa = PBXBuildFile; fileRef = 0DCA696B2AB3070400E19FA8 /* CompareViewController.swift */; };
		0DCA696E2AB3072A00E19FA8 /* RatingViewController.swift in Sources */ = {isa = PBXBuildFile; fileRef = 0DCA696D2AB3072A00E19FA8 /* RatingViewController.swift */; };
		0DCA69702AB3073900E19FA8 /* ProfileViewController.swift in Sources */ = {isa = PBXBuildFile; fileRef = 0DCA696F2AB3073900E19FA8 /* ProfileViewController.swift */; };
		0DCA69722AB3079100E19FA8 /* CompareFlowCoordinator.swift in Sources */ = {isa = PBXBuildFile; fileRef = 0DCA69712AB3079100E19FA8 /* CompareFlowCoordinator.swift */; };
		0DCA69742AB307A700E19FA8 /* RatingScreenFlowCoordinator.swift in Sources */ = {isa = PBXBuildFile; fileRef = 0DCA69732AB307A700E19FA8 /* RatingScreenFlowCoordinator.swift */; };
		0DCA69762AB307CB00E19FA8 /* ProfileScreenFlowCoordinator.swift in Sources */ = {isa = PBXBuildFile; fileRef = 0DCA69752AB307CB00E19FA8 /* ProfileScreenFlowCoordinator.swift */; };
		0DE132652AD42DC1006FB796 /* RatingData.swift in Sources */ = {isa = PBXBuildFile; fileRef = 0DE132642AD42DC1006FB796 /* RatingData.swift */; };
		0DE132672AD5879D006FB796 /* ProfileViewModel.swift in Sources */ = {isa = PBXBuildFile; fileRef = 0DE132662AD5879D006FB796 /* ProfileViewModel.swift */; };
		0DE132692AD587AE006FB796 /* ProfileViewModelProtocol.swift in Sources */ = {isa = PBXBuildFile; fileRef = 0DE132682AD587AE006FB796 /* ProfileViewModelProtocol.swift */; };
		0DE1326C2AD70795006FB796 /* SettingsCell.swift in Sources */ = {isa = PBXBuildFile; fileRef = 0DE1326B2AD70795006FB796 /* SettingsCell.swift */; };
		0DE1326E2AD7F0C3006FB796 /* UserProfileView.swift in Sources */ = {isa = PBXBuildFile; fileRef = 0DE1326D2AD7F0C3006FB796 /* UserProfileView.swift */; };
		0DE132712AD8716A006FB796 /* SettingsViewItem.swift in Sources */ = {isa = PBXBuildFile; fileRef = 0DE132702AD8716A006FB796 /* SettingsViewItem.swift */; };
		0DE132732AD87183006FB796 /* AlertCase.swift in Sources */ = {isa = PBXBuildFile; fileRef = 0DE132722AD87183006FB796 /* AlertCase.swift */; };
		0DE132752AD87354006FB796 /* SettingsOptions.swift in Sources */ = {isa = PBXBuildFile; fileRef = 0DE132742AD87354006FB796 /* SettingsOptions.swift */; };
		0DE1327B2AD96BAA006FB796 /* ReachabilityManager.swift in Sources */ = {isa = PBXBuildFile; fileRef = 0DE1327A2AD96BAA006FB796 /* ReachabilityManager.swift */; };
		0DE1327D2AD96C20006FB796 /* ReachabilityManagerProtocol.swift in Sources */ = {isa = PBXBuildFile; fileRef = 0DE1327C2AD96C20006FB796 /* ReachabilityManagerProtocol.swift */; };
		0DF7B69D2AAB2981008D7979 /* SwiftEntryKit in Frameworks */ = {isa = PBXBuildFile; productRef = 0DF7B69C2AAB2981008D7979 /* SwiftEntryKit */; };
		0DF7B69F2AAB4221008D7979 /* AlertView.swift in Sources */ = {isa = PBXBuildFile; fileRef = 0DF7B69E2AAB4221008D7979 /* AlertView.swift */; };
/* End PBXBuildFile section */

/* Begin PBXFileReference section */
		0D1F7AF92AB5B3420008D9F8 /* UserDefaultsManagerProtocol.swift */ = {isa = PBXFileReference; fileEncoding = 4; lastKnownFileType = sourcecode.swift; path = UserDefaultsManagerProtocol.swift; sourceTree = "<group>"; };
		0D1F7AFA2AB5B3420008D9F8 /* UserDefaultsManager.swift */ = {isa = PBXFileReference; fileEncoding = 4; lastKnownFileType = sourcecode.swift; path = UserDefaultsManager.swift; sourceTree = "<group>"; };
		0D1F7B032AB84A1A0008D9F8 /* CompareView.swift */ = {isa = PBXFileReference; lastKnownFileType = sourcecode.swift; path = CompareView.swift; sourceTree = "<group>"; };
		0D1F7B052AB98FC40008D9F8 /* Satoshi-Medium.ttf */ = {isa = PBXFileReference; lastKnownFileType = file; path = "Satoshi-Medium.ttf"; sourceTree = "<group>"; };
		0D1F7B072ABB04CA0008D9F8 /* CompareViewModel.swift */ = {isa = PBXFileReference; lastKnownFileType = sourcecode.swift; path = CompareViewModel.swift; sourceTree = "<group>"; };
		0D1F7B092ABB04D70008D9F8 /* CompareViewModelProtocol.swift */ = {isa = PBXFileReference; lastKnownFileType = sourcecode.swift; path = CompareViewModelProtocol.swift; sourceTree = "<group>"; };
		0D1F7B182AC0C62A0008D9F8 /* UserType.swift */ = {isa = PBXFileReference; lastKnownFileType = sourcecode.swift; path = UserType.swift; sourceTree = "<group>"; };
		0D1F7B1A2AC0C6450008D9F8 /* URLPair.swift */ = {isa = PBXFileReference; lastKnownFileType = sourcecode.swift; path = URLPair.swift; sourceTree = "<group>"; };
		0D1F7B1C2AC0C66A0008D9F8 /* ImagePair.swift */ = {isa = PBXFileReference; lastKnownFileType = sourcecode.swift; path = ImagePair.swift; sourceTree = "<group>"; };
		0D1F7B1E2AC0C6810008D9F8 /* UserPair.swift */ = {isa = PBXFileReference; lastKnownFileType = sourcecode.swift; path = UserPair.swift; sourceTree = "<group>"; };
		0D1F7B202AC0C6AC0008D9F8 /* UserInfo.swift */ = {isa = PBXFileReference; lastKnownFileType = sourcecode.swift; path = UserInfo.swift; sourceTree = "<group>"; };
		0D3843342AE26D9400E34EDC /* DeleteAccountView.swift */ = {isa = PBXFileReference; lastKnownFileType = sourcecode.swift; path = DeleteAccountView.swift; sourceTree = "<group>"; };
		0D4D1EBB2AE1191B00ED7929 /* ProfileEditingViewModel.swift */ = {isa = PBXFileReference; lastKnownFileType = sourcecode.swift; path = ProfileEditingViewModel.swift; sourceTree = "<group>"; };
		0D4D1EBD2AE11A2800ED7929 /* ProfileEditingViewController.swift */ = {isa = PBXFileReference; lastKnownFileType = sourcecode.swift; path = ProfileEditingViewController.swift; sourceTree = "<group>"; };
		0D4D1EBF2AE11A6400ED7929 /* ProfileEditingViewModelProtocol.swift */ = {isa = PBXFileReference; lastKnownFileType = sourcecode.swift; path = ProfileEditingViewModelProtocol.swift; sourceTree = "<group>"; };
		0D4D1EC12AE1223E00ED7929 /* ProfileEditingOptions.swift */ = {isa = PBXFileReference; lastKnownFileType = sourcecode.swift; path = ProfileEditingOptions.swift; sourceTree = "<group>"; };
		0D4D1EC42AE159B900ED7929 /* ProfileSettingsViewItem.swift */ = {isa = PBXFileReference; lastKnownFileType = sourcecode.swift; path = ProfileSettingsViewItem.swift; sourceTree = "<group>"; };
		0D4D1ECA2AE1993500ED7929 /* PhotoEditingViewController.swift */ = {isa = PBXFileReference; lastKnownFileType = sourcecode.swift; path = PhotoEditingViewController.swift; sourceTree = "<group>"; };
		0D4D1ECC2AE19AB900ED7929 /* PhotoEditingViewModel.swift */ = {isa = PBXFileReference; lastKnownFileType = sourcecode.swift; path = PhotoEditingViewModel.swift; sourceTree = "<group>"; };
		0D4D1ECE2AE19AC800ED7929 /* PhotoEditingViewModelProtocol.swift */ = {isa = PBXFileReference; lastKnownFileType = sourcecode.swift; path = PhotoEditingViewModelProtocol.swift; sourceTree = "<group>"; };
		0D4D1ED02AE1A9F200ED7929 /* InformationEditingViewModel.swift */ = {isa = PBXFileReference; lastKnownFileType = sourcecode.swift; path = InformationEditingViewModel.swift; sourceTree = "<group>"; };
		0D4D1ED22AE1AA0900ED7929 /* InformationEditingViewModelProtocol.swift */ = {isa = PBXFileReference; lastKnownFileType = sourcecode.swift; path = InformationEditingViewModelProtocol.swift; sourceTree = "<group>"; };
		0D4D1ED42AE1AAF700ED7929 /* InformationEditingViewController.swift */ = {isa = PBXFileReference; lastKnownFileType = sourcecode.swift; path = InformationEditingViewController.swift; sourceTree = "<group>"; };
		0D8AAB1C2A9E8B050088987F /* PolicyLabel.swift */ = {isa = PBXFileReference; lastKnownFileType = sourcecode.swift; path = PolicyLabel.swift; sourceTree = "<group>"; };
		0D8AAB272A9E8DB00088987F /* BackgroundImageView.swift */ = {isa = PBXFileReference; lastKnownFileType = sourcecode.swift; path = BackgroundImageView.swift; sourceTree = "<group>"; };
		0D8AAB362A9F27140088987F /* LoginViewModel.swift */ = {isa = PBXFileReference; lastKnownFileType = sourcecode.swift; path = LoginViewModel.swift; sourceTree = "<group>"; };
		0D8AAB3A2A9F44F20088987F /* RegisterInputView.swift */ = {isa = PBXFileReference; lastKnownFileType = sourcecode.swift; path = RegisterInputView.swift; sourceTree = "<group>"; };
		0D8AAB3C2A9F52880088987F /* RegInputEnum.swift */ = {isa = PBXFileReference; lastKnownFileType = sourcecode.swift; path = RegInputEnum.swift; sourceTree = "<group>"; };
		0D8AAB3E2A9F6C750088987F /* Comparee.entitlements */ = {isa = PBXFileReference; lastKnownFileType = text.plist.entitlements; path = Comparee.entitlements; sourceTree = "<group>"; };
		0D8AAB3F2A9F8EF70088987F /* GoogleService-Info.plist */ = {isa = PBXFileReference; fileEncoding = 4; lastKnownFileType = text.plist.xml; path = "GoogleService-Info.plist"; sourceTree = "<group>"; };
		0D8AAB412A9FE0500088987F /* Injected.swift */ = {isa = PBXFileReference; fileEncoding = 4; lastKnownFileType = sourcecode.swift; path = Injected.swift; sourceTree = "<group>"; };
		0D8AAB452A9FE0CB0088987F /* IconManager.swift */ = {isa = PBXFileReference; fileEncoding = 4; lastKnownFileType = sourcecode.swift; path = IconManager.swift; sourceTree = "<group>"; };
		0D983BA02AC16F25007F992E /* CompareError.swift */ = {isa = PBXFileReference; lastKnownFileType = sourcecode.swift; path = CompareError.swift; sourceTree = "<group>"; };
		0D99B43E2AC4545100BB99BD /* DataKey.swift */ = {isa = PBXFileReference; lastKnownFileType = sourcecode.swift; path = DataKey.swift; sourceTree = "<group>"; };
		0D99B4452AC551D000BB99BD /* RatingViewModel.swift */ = {isa = PBXFileReference; lastKnownFileType = sourcecode.swift; path = RatingViewModel.swift; sourceTree = "<group>"; };
		0D99B4472AC551D800BB99BD /* RatingViewModelProtocol.swift */ = {isa = PBXFileReference; lastKnownFileType = sourcecode.swift; path = RatingViewModelProtocol.swift; sourceTree = "<group>"; };
		0D99B44A2AC552BC00BB99BD /* RatingHeaderView.swift */ = {isa = PBXFileReference; lastKnownFileType = sourcecode.swift; path = RatingHeaderView.swift; sourceTree = "<group>"; };
		0D99B44C2AC552DD00BB99BD /* TopUserView.swift */ = {isa = PBXFileReference; lastKnownFileType = sourcecode.swift; path = TopUserView.swift; sourceTree = "<group>"; };
		0D9B89D52A9B6A2900709A00 /* Comparee.app */ = {isa = PBXFileReference; explicitFileType = wrapper.application; includeInIndex = 0; path = Comparee.app; sourceTree = BUILT_PRODUCTS_DIR; };
		0D9B89D82A9B6A2900709A00 /* AppDelegate.swift */ = {isa = PBXFileReference; lastKnownFileType = sourcecode.swift; path = AppDelegate.swift; sourceTree = "<group>"; };
		0D9B89DA2A9B6A2900709A00 /* SceneDelegate.swift */ = {isa = PBXFileReference; lastKnownFileType = sourcecode.swift; path = SceneDelegate.swift; sourceTree = "<group>"; };
		0D9B89DC2A9B6A2900709A00 /* RegistrationViewController.swift */ = {isa = PBXFileReference; lastKnownFileType = sourcecode.swift; path = RegistrationViewController.swift; sourceTree = "<group>"; };
		0D9B89E12A9B6A2A00709A00 /* Assets.xcassets */ = {isa = PBXFileReference; lastKnownFileType = folder.assetcatalog; path = Assets.xcassets; sourceTree = "<group>"; };
		0D9B89E42A9B6A2A00709A00 /* Base */ = {isa = PBXFileReference; lastKnownFileType = file.storyboard; name = Base; path = Base.lproj/LaunchScreen.storyboard; sourceTree = "<group>"; };
		0D9B89E62A9B6A2A00709A00 /* Info.plist */ = {isa = PBXFileReference; lastKnownFileType = text.plist.xml; path = Info.plist; sourceTree = "<group>"; };
		0D9B89F12A9CAA0400709A00 /* DefinitionLabel.swift */ = {isa = PBXFileReference; lastKnownFileType = sourcecode.swift; path = DefinitionLabel.swift; sourceTree = "<group>"; };
		0D9B89F32A9CB21B00709A00 /* RegistrationTextField.swift */ = {isa = PBXFileReference; lastKnownFileType = sourcecode.swift; path = RegistrationTextField.swift; sourceTree = "<group>"; };
		0D9B89F52A9CC0F100709A00 /* ErrorLabel.swift */ = {isa = PBXFileReference; lastKnownFileType = sourcecode.swift; path = ErrorLabel.swift; sourceTree = "<group>"; };
		0D9B89F72A9CD12000709A00 /* AuthButton.swift */ = {isa = PBXFileReference; lastKnownFileType = sourcecode.swift; path = AuthButton.swift; sourceTree = "<group>"; };
		0D9B89FA2A9CDBA500709A00 /* Extensions + UImage.swift */ = {isa = PBXFileReference; lastKnownFileType = sourcecode.swift; path = "Extensions + UImage.swift"; sourceTree = "<group>"; };
		0D9B89FF2A9D01BE00709A00 /* Gesture.swift */ = {isa = PBXFileReference; fileEncoding = 4; lastKnownFileType = sourcecode.swift; path = Gesture.swift; sourceTree = "<group>"; };
		0D9B8A012A9D01D800709A00 /* Extensions + UITextField.swift */ = {isa = PBXFileReference; fileEncoding = 4; lastKnownFileType = sourcecode.swift; path = "Extensions + UITextField.swift"; sourceTree = "<group>"; };
		0D9B8A032A9D025C00709A00 /* UIControl.swift */ = {isa = PBXFileReference; fileEncoding = 4; lastKnownFileType = sourcecode.swift; path = UIControl.swift; sourceTree = "<group>"; };
		0D9B8A062A9D2DAE00709A00 /* BaseCoordinator.swift */ = {isa = PBXFileReference; lastKnownFileType = sourcecode.swift; path = BaseCoordinator.swift; sourceTree = "<group>"; };
		0D9B8A082A9D2DDD00709A00 /* BaseCoordinatorsProtocol.swift */ = {isa = PBXFileReference; lastKnownFileType = sourcecode.swift; path = BaseCoordinatorsProtocol.swift; sourceTree = "<group>"; };
		0D9B8A0A2A9D2DFC00709A00 /* BaseViewModelInputProtocol.swift */ = {isa = PBXFileReference; lastKnownFileType = sourcecode.swift; path = BaseViewModelInputProtocol.swift; sourceTree = "<group>"; };
		0D9B8A0C2A9D2E7B00709A00 /* NavigationController.swift */ = {isa = PBXFileReference; lastKnownFileType = sourcecode.swift; path = NavigationController.swift; sourceTree = "<group>"; };
		0D9B8A0E2A9D2E9000709A00 /* AppRouter.swift */ = {isa = PBXFileReference; lastKnownFileType = sourcecode.swift; path = AppRouter.swift; sourceTree = "<group>"; };
		0D9B8A102A9D2EC100709A00 /* RootCoordinator.swift */ = {isa = PBXFileReference; lastKnownFileType = sourcecode.swift; path = RootCoordinator.swift; sourceTree = "<group>"; };
		0D9B8A152A9D380000709A00 /* LoginViewController.swift */ = {isa = PBXFileReference; lastKnownFileType = sourcecode.swift; path = LoginViewController.swift; sourceTree = "<group>"; };
		0D9B8A172A9DEF5A00709A00 /* SFProText-Medium.ttf */ = {isa = PBXFileReference; lastKnownFileType = file; path = "SFProText-Medium.ttf"; sourceTree = "<group>"; };
		0D9B8A192A9DEFAB00709A00 /* Cormorant-SemiBoldItalic.ttf */ = {isa = PBXFileReference; lastKnownFileType = file; path = "Cormorant-SemiBoldItalic.ttf"; sourceTree = "<group>"; };
		0D9B8A1C2A9DFA9E00709A00 /* SFProText-Regular.ttf */ = {isa = PBXFileReference; lastKnownFileType = file; path = "SFProText-Regular.ttf"; sourceTree = "<group>"; };
		0DAC72F32AC5AF6300912D6D /* TopPlaceLabel.swift */ = {isa = PBXFileReference; lastKnownFileType = sourcecode.swift; path = TopPlaceLabel.swift; sourceTree = "<group>"; };
		0DAC72F52AC6F3A100912D6D /* UserRatingCellCollectionViewCell.swift */ = {isa = PBXFileReference; lastKnownFileType = sourcecode.swift; name = UserRatingCellCollectionViewCell.swift; path = RatingViewCell/UserRatingCellCollectionViewCell.swift; sourceTree = "<group>"; };
		0DAC72F72AC8C08C00912D6D /* TableViewExtensions.swift */ = {isa = PBXFileReference; fileEncoding = 4; lastKnownFileType = sourcecode.swift; path = TableViewExtensions.swift; sourceTree = "<group>"; };
		0DAC72F92ACAF24500912D6D /* UserRating.swift */ = {isa = PBXFileReference; lastKnownFileType = sourcecode.swift; path = UserRating.swift; sourceTree = "<group>"; };
		0DAC72FB2ACC55CF00912D6D /* UsersViewItem.swift */ = {isa = PBXFileReference; lastKnownFileType = sourcecode.swift; path = UsersViewItem.swift; sourceTree = "<group>"; };
		0DAC72FD2ACE3D1F00912D6D /* CurrentUserView.swift */ = {isa = PBXFileReference; lastKnownFileType = sourcecode.swift; path = CurrentUserView.swift; sourceTree = "<group>"; };
		0DB204BC2AA86FF30040551D /* AuthDataResultModel.swift */ = {isa = PBXFileReference; lastKnownFileType = sourcecode.swift; path = AuthDataResultModel.swift; sourceTree = "<group>"; };
		0DB204BE2AA921F30040551D /* Extensions + UITapGestureRecognizer.swift */ = {isa = PBXFileReference; lastKnownFileType = sourcecode.swift; path = "Extensions + UITapGestureRecognizer.swift"; sourceTree = "<group>"; };
		0DB204C02AA9DBC10040551D /* ColorManager.swift */ = {isa = PBXFileReference; lastKnownFileType = sourcecode.swift; path = ColorManager.swift; sourceTree = "<group>"; };
		0DB204C22AA9E9660040551D /* ProfilePictureUploadViewModel.swift */ = {isa = PBXFileReference; lastKnownFileType = sourcecode.swift; path = ProfilePictureUploadViewModel.swift; sourceTree = "<group>"; };
		0DB204C42AA9E98A0040551D /* ProfilePictureUploadViewModelProtocol.swift */ = {isa = PBXFileReference; lastKnownFileType = sourcecode.swift; path = ProfilePictureUploadViewModelProtocol.swift; sourceTree = "<group>"; };
		0DB204C72AA9EAB10040551D /* StorageManager.swift */ = {isa = PBXFileReference; lastKnownFileType = sourcecode.swift; path = StorageManager.swift; sourceTree = "<group>"; };
		0DB204CC2AAA15AD0040551D /* StorageManagerProtocol.swift */ = {isa = PBXFileReference; lastKnownFileType = sourcecode.swift; path = StorageManagerProtocol.swift; sourceTree = "<group>"; };
		0DBEA9622AA0830A0026C441 /* FontManager.swift */ = {isa = PBXFileReference; lastKnownFileType = sourcecode.swift; path = FontManager.swift; sourceTree = "<group>"; };
		0DBEA9642AA085BE0026C441 /* AuthManager.swift */ = {isa = PBXFileReference; lastKnownFileType = sourcecode.swift; path = AuthManager.swift; sourceTree = "<group>"; };
		0DBEA9662AA09E450026C441 /* AuthManagerProtocol.swift */ = {isa = PBXFileReference; lastKnownFileType = sourcecode.swift; path = AuthManagerProtocol.swift; sourceTree = "<group>"; };
		0DBEA9682AA0E4360026C441 /* LoginFlowCoordinator.swift */ = {isa = PBXFileReference; lastKnownFileType = sourcecode.swift; path = LoginFlowCoordinator.swift; sourceTree = "<group>"; };
		0DBEA96C2AA1F3030026C441 /* LoginViewModelProtocol.swift */ = {isa = PBXFileReference; lastKnownFileType = sourcecode.swift; path = LoginViewModelProtocol.swift; sourceTree = "<group>"; };
		0DBEA97A2AA247140026C441 /* RegistrationViewModel.swift */ = {isa = PBXFileReference; lastKnownFileType = sourcecode.swift; path = RegistrationViewModel.swift; sourceTree = "<group>"; };
		0DBEA97C2AA247260026C441 /* RegistrationViewModelProtocol.swift */ = {isa = PBXFileReference; lastKnownFileType = sourcecode.swift; path = RegistrationViewModelProtocol.swift; sourceTree = "<group>"; };
		0DBEA97E2AA247430026C441 /* FirebaseManager.swift */ = {isa = PBXFileReference; lastKnownFileType = sourcecode.swift; path = FirebaseManager.swift; sourceTree = "<group>"; };
		0DBEA9802AA247510026C441 /* FirebaseManagerProtocol.swift */ = {isa = PBXFileReference; lastKnownFileType = sourcecode.swift; path = FirebaseManagerProtocol.swift; sourceTree = "<group>"; };
		0DBEA9842AA320040026C441 /* Extension + UIViewController.swift */ = {isa = PBXFileReference; lastKnownFileType = sourcecode.swift; path = "Extension + UIViewController.swift"; sourceTree = "<group>"; };
		0DBEA9872AA3CCF50026C441 /* BaseViewController.swift */ = {isa = PBXFileReference; fileEncoding = 4; lastKnownFileType = sourcecode.swift; path = BaseViewController.swift; sourceTree = "<group>"; };
		0DBEA9882AA3CCF50026C441 /* BaseViewControllerProtocol.swift */ = {isa = PBXFileReference; fileEncoding = 4; lastKnownFileType = sourcecode.swift; path = BaseViewControllerProtocol.swift; sourceTree = "<group>"; };
		0DBEA98B2AA4DDD90026C441 /* Extensions + String.swift */ = {isa = PBXFileReference; lastKnownFileType = sourcecode.swift; path = "Extensions + String.swift"; sourceTree = "<group>"; };
		0DBEA98F2AA5AC450026C441 /* ProfilePictureUploadViewController.swift */ = {isa = PBXFileReference; lastKnownFileType = sourcecode.swift; path = ProfilePictureUploadViewController.swift; sourceTree = "<group>"; };
		0DBEA9922AA5AF140026C441 /* PhotoAddButton.swift */ = {isa = PBXFileReference; lastKnownFileType = sourcecode.swift; path = PhotoAddButton.swift; sourceTree = "<group>"; };
		0DBEA9942AA5CCE30026C441 /* AdviceImageView.swift */ = {isa = PBXFileReference; lastKnownFileType = sourcecode.swift; path = AdviceImageView.swift; sourceTree = "<group>"; };
		0DBEA9962AA6292F0026C441 /* RoundedWhiteView.swift */ = {isa = PBXFileReference; lastKnownFileType = sourcecode.swift; path = RoundedWhiteView.swift; sourceTree = "<group>"; };
		0DCA69542AAF4B5F00E19FA8 /* FieldsTypeModel.swift */ = {isa = PBXFileReference; lastKnownFileType = sourcecode.swift; path = FieldsTypeModel.swift; sourceTree = "<group>"; };
		0DCA69562AAF64E700E19FA8 /* DBUser.swift */ = {isa = PBXFileReference; lastKnownFileType = sourcecode.swift; path = DBUser.swift; sourceTree = "<group>"; };
		0DCA69582AAF901300E19FA8 /* PreviewView.swift */ = {isa = PBXFileReference; lastKnownFileType = sourcecode.swift; path = PreviewView.swift; sourceTree = "<group>"; };
		0DCA69612AB2DE2300E19FA8 /* DataTypeReference.swift */ = {isa = PBXFileReference; lastKnownFileType = sourcecode.swift; path = DataTypeReference.swift; sourceTree = "<group>"; };
		0DCA69632AB2DEEB00E19FA8 /* FirestoreReference.swift */ = {isa = PBXFileReference; lastKnownFileType = sourcecode.swift; path = FirestoreReference.swift; sourceTree = "<group>"; };
		0DCA69652AB3012100E19FA8 /* TabBarCoordinator.swift */ = {isa = PBXFileReference; lastKnownFileType = sourcecode.swift; path = TabBarCoordinator.swift; sourceTree = "<group>"; };
		0DCA696B2AB3070400E19FA8 /* CompareViewController.swift */ = {isa = PBXFileReference; lastKnownFileType = sourcecode.swift; path = CompareViewController.swift; sourceTree = "<group>"; };
		0DCA696D2AB3072A00E19FA8 /* RatingViewController.swift */ = {isa = PBXFileReference; lastKnownFileType = sourcecode.swift; path = RatingViewController.swift; sourceTree = "<group>"; };
		0DCA696F2AB3073900E19FA8 /* ProfileViewController.swift */ = {isa = PBXFileReference; lastKnownFileType = sourcecode.swift; path = ProfileViewController.swift; sourceTree = "<group>"; };
		0DCA69712AB3079100E19FA8 /* CompareFlowCoordinator.swift */ = {isa = PBXFileReference; lastKnownFileType = sourcecode.swift; path = CompareFlowCoordinator.swift; sourceTree = "<group>"; };
		0DCA69732AB307A700E19FA8 /* RatingScreenFlowCoordinator.swift */ = {isa = PBXFileReference; lastKnownFileType = sourcecode.swift; path = RatingScreenFlowCoordinator.swift; sourceTree = "<group>"; };
		0DCA69752AB307CB00E19FA8 /* ProfileScreenFlowCoordinator.swift */ = {isa = PBXFileReference; lastKnownFileType = sourcecode.swift; path = ProfileScreenFlowCoordinator.swift; sourceTree = "<group>"; };
		0DE132642AD42DC1006FB796 /* RatingData.swift */ = {isa = PBXFileReference; lastKnownFileType = sourcecode.swift; path = RatingData.swift; sourceTree = "<group>"; };
		0DE132662AD5879D006FB796 /* ProfileViewModel.swift */ = {isa = PBXFileReference; lastKnownFileType = sourcecode.swift; path = ProfileViewModel.swift; sourceTree = "<group>"; };
		0DE132682AD587AE006FB796 /* ProfileViewModelProtocol.swift */ = {isa = PBXFileReference; lastKnownFileType = sourcecode.swift; path = ProfileViewModelProtocol.swift; sourceTree = "<group>"; };
		0DE1326B2AD70795006FB796 /* SettingsCell.swift */ = {isa = PBXFileReference; lastKnownFileType = sourcecode.swift; path = SettingsCell.swift; sourceTree = "<group>"; };
		0DE1326D2AD7F0C3006FB796 /* UserProfileView.swift */ = {isa = PBXFileReference; lastKnownFileType = sourcecode.swift; path = UserProfileView.swift; sourceTree = "<group>"; };
		0DE132702AD8716A006FB796 /* SettingsViewItem.swift */ = {isa = PBXFileReference; lastKnownFileType = sourcecode.swift; path = SettingsViewItem.swift; sourceTree = "<group>"; };
		0DE132722AD87183006FB796 /* AlertCase.swift */ = {isa = PBXFileReference; lastKnownFileType = sourcecode.swift; path = AlertCase.swift; sourceTree = "<group>"; };
		0DE132742AD87354006FB796 /* SettingsOptions.swift */ = {isa = PBXFileReference; lastKnownFileType = sourcecode.swift; path = SettingsOptions.swift; sourceTree = "<group>"; };
		0DE1327A2AD96BAA006FB796 /* ReachabilityManager.swift */ = {isa = PBXFileReference; lastKnownFileType = sourcecode.swift; path = ReachabilityManager.swift; sourceTree = "<group>"; };
		0DE1327C2AD96C20006FB796 /* ReachabilityManagerProtocol.swift */ = {isa = PBXFileReference; lastKnownFileType = sourcecode.swift; path = ReachabilityManagerProtocol.swift; sourceTree = "<group>"; };
		0DF7B69E2AAB4221008D7979 /* AlertView.swift */ = {isa = PBXFileReference; lastKnownFileType = sourcecode.swift; path = AlertView.swift; sourceTree = "<group>"; };
		0DF7B6A02AAC45F5008D7979 /* SFProText-Semibold.ttf */ = {isa = PBXFileReference; lastKnownFileType = file; path = "SFProText-Semibold.ttf"; sourceTree = "<group>"; };
/* End PBXFileReference section */

/* Begin PBXFrameworksBuildPhase section */
		0D9B89D22A9B6A2900709A00 /* Frameworks */ = {
			isa = PBXFrameworksBuildPhase;
			buildActionMask = 2147483647;
			files = (
				0D1F7B0F2ABC55E40008D9F8 /* SkeletonView in Frameworks */,
				0D1F7B152ABDCCBB0008D9F8 /* Kingfisher in Frameworks */,
				0D8AAB312A9F1D330088987F /* FirebaseAuth in Frameworks */,
				0DF7B69D2AAB2981008D7979 /* SwiftEntryKit in Frameworks */,
				0D8AAB352A9F1D330088987F /* FirebaseStorage in Frameworks */,
				0DB204CB2AA9F7360040551D /* CropViewController in Frameworks */,
				0DB204BB2AA7B9FA0040551D /* FirebaseFirestoreSwift in Frameworks */,
			);
			runOnlyForDeploymentPostprocessing = 0;
		};
/* End PBXFrameworksBuildPhase section */

/* Begin PBXGroup section */
		0D1F7AF62AB5B0910008D9F8 /* UIManagers */ = {
			isa = PBXGroup;
			children = (
				0DBEA9622AA0830A0026C441 /* FontManager.swift */,
				0D8AAB452A9FE0CB0088987F /* IconManager.swift */,
				0DB204C02AA9DBC10040551D /* ColorManager.swift */,
			);
			path = UIManagers;
			sourceTree = "<group>";
		};
		0D1F7AF72AB5B26A0008D9F8 /* UserDefaultsManager */ = {
			isa = PBXGroup;
			children = (
				0D1F7AFA2AB5B3420008D9F8 /* UserDefaultsManager.swift */,
				0D1F7AF92AB5B3420008D9F8 /* UserDefaultsManagerProtocol.swift */,
			);
			path = UserDefaultsManager;
			sourceTree = "<group>";
		};
		0D1F7B022AB849FE0008D9F8 /* CompareScreenViews */ = {
			isa = PBXGroup;
			children = (
				0D1F7B032AB84A1A0008D9F8 /* CompareView.swift */,
			);
			path = CompareScreenViews;
			sourceTree = "<group>";
		};
		0D1F7B162AC0C57D0008D9F8 /* Entities */ = {
			isa = PBXGroup;
			children = (
				0D4D1EC32AE1227E00ED7929 /* ProfileEditingScreen */,
				0DE1326F2AD87153006FB796 /* ProfileScreen */,
				0DE132632AD40D3D006FB796 /* RatingScreen */,
				0D99B43D2AC4543700BB99BD /* FirebaseManager */,
				0D1F7B172AC0C6100008D9F8 /* CompareScreen */,
			);
			path = Entities;
			sourceTree = "<group>";
		};
		0D1F7B172AC0C6100008D9F8 /* CompareScreen */ = {
			isa = PBXGroup;
			children = (
				0D1F7B182AC0C62A0008D9F8 /* UserType.swift */,
				0D1F7B1A2AC0C6450008D9F8 /* URLPair.swift */,
				0D1F7B1C2AC0C66A0008D9F8 /* ImagePair.swift */,
				0D1F7B1E2AC0C6810008D9F8 /* UserPair.swift */,
				0D1F7B202AC0C6AC0008D9F8 /* UserInfo.swift */,
				0D983BA02AC16F25007F992E /* CompareError.swift */,
			);
			path = CompareScreen;
			sourceTree = "<group>";
		};
		0D4D1EBA2AE118E100ED7929 /* ProfileEditingScreen */ = {
			isa = PBXGroup;
			children = (
				0D4D1EBD2AE11A2800ED7929 /* ProfileEditingViewController.swift */,
				0D4D1EBB2AE1191B00ED7929 /* ProfileEditingViewModel.swift */,
				0D4D1EBF2AE11A6400ED7929 /* ProfileEditingViewModelProtocol.swift */,
			);
			path = ProfileEditingScreen;
			sourceTree = "<group>";
		};
		0D4D1EC32AE1227E00ED7929 /* ProfileEditingScreen */ = {
			isa = PBXGroup;
			children = (
				0D4D1EC12AE1223E00ED7929 /* ProfileEditingOptions.swift */,
				0D4D1EC42AE159B900ED7929 /* ProfileSettingsViewItem.swift */,
			);
			path = ProfileEditingScreen;
			sourceTree = "<group>";
		};
		0D4D1EC62AE1831C00ED7929 /* PhotoEditingScreen */ = {
			isa = PBXGroup;
			children = (
				0D4D1ECA2AE1993500ED7929 /* PhotoEditingViewController.swift */,
				0D4D1ECC2AE19AB900ED7929 /* PhotoEditingViewModel.swift */,
				0D4D1ECE2AE19AC800ED7929 /* PhotoEditingViewModelProtocol.swift */,
			);
			path = PhotoEditingScreen;
			sourceTree = "<group>";
		};
		0D4D1EC72AE1833F00ED7929 /* InformationEditingScreen */ = {
			isa = PBXGroup;
			children = (
				0D4D1ED42AE1AAF700ED7929 /* InformationEditingViewController.swift */,
				0D4D1ED02AE1A9F200ED7929 /* InformationEditingViewModel.swift */,
				0D4D1ED22AE1AA0900ED7929 /* InformationEditingViewModelProtocol.swift */,
			);
			path = InformationEditingScreen;
			sourceTree = "<group>";
		};
		0D4D1EC92AE1980200ED7929 /* SettingsFlow */ = {
			isa = PBXGroup;
			children = (
				0D4D1EC72AE1833F00ED7929 /* InformationEditingScreen */,
				0D4D1EC62AE1831C00ED7929 /* PhotoEditingScreen */,
				0D4D1EBA2AE118E100ED7929 /* ProfileEditingScreen */,
				0DCA696A2AB306CF00E19FA8 /* ProfileScreen */,
			);
			path = SettingsFlow;
			sourceTree = "<group>";
		};
		0D8AAB152A9E868F0088987F /* RegistrationViews */ = {
			isa = PBXGroup;
			children = (
				0D8AAB3C2A9F52880088987F /* RegInputEnum.swift */,
				0D8AAB3A2A9F44F20088987F /* RegisterInputView.swift */,
				0D9B89F12A9CAA0400709A00 /* DefinitionLabel.swift */,
				0D9B89F32A9CB21B00709A00 /* RegistrationTextField.swift */,
				0D9B89F52A9CC0F100709A00 /* ErrorLabel.swift */,
				0D9B89F72A9CD12000709A00 /* AuthButton.swift */,
				0DBEA9962AA6292F0026C441 /* RoundedWhiteView.swift */,
			);
			path = RegistrationViews;
			sourceTree = "<group>";
		};
		0D8AAB162A9E86A00088987F /* AuthViews */ = {
			isa = PBXGroup;
			children = (
				0DF7B69E2AAB4221008D7979 /* AlertView.swift */,
				0D8AAB1C2A9E8B050088987F /* PolicyLabel.swift */,
			);
			path = AuthViews;
			sourceTree = "<group>";
		};
		0D8AAB172A9E86B30088987F /* Base */ = {
			isa = PBXGroup;
			children = (
				0D8AAB272A9E8DB00088987F /* BackgroundImageView.swift */,
			);
			path = Base;
			sourceTree = "<group>";
		};
		0D99B43D2AC4543700BB99BD /* FirebaseManager */ = {
			isa = PBXGroup;
			children = (
				0D99B43E2AC4545100BB99BD /* DataKey.swift */,
			);
			path = FirebaseManager;
			sourceTree = "<group>";
		};
		0D99B4492AC5524F00BB99BD /* RatingViews */ = {
			isa = PBXGroup;
			children = (
				0D99B44A2AC552BC00BB99BD /* RatingHeaderView.swift */,
				0D99B44C2AC552DD00BB99BD /* TopUserView.swift */,
				0DAC72F32AC5AF6300912D6D /* TopPlaceLabel.swift */,
				0DAC72F52AC6F3A100912D6D /* UserRatingCellCollectionViewCell.swift */,
				0DAC72FD2ACE3D1F00912D6D /* CurrentUserView.swift */,
			);
			path = RatingViews;
			sourceTree = "<group>";
		};
		0D9B89CC2A9B6A2900709A00 = {
			isa = PBXGroup;
			children = (
				0D9B89D72A9B6A2900709A00 /* Comparee */,
				0D9B89D62A9B6A2900709A00 /* Products */,
				0DB204B92AA7B9FA0040551D /* Frameworks */,
			);
			sourceTree = "<group>";
		};
		0D9B89D62A9B6A2900709A00 /* Products */ = {
			isa = PBXGroup;
			children = (
				0D9B89D52A9B6A2900709A00 /* Comparee.app */,
			);
			name = Products;
			sourceTree = "<group>";
		};
		0D9B89D72A9B6A2900709A00 /* Comparee */ = {
			isa = PBXGroup;
			children = (
				0D8AAB3F2A9F8EF70088987F /* GoogleService-Info.plist */,
				0D8AAB3E2A9F6C750088987F /* Comparee.entitlements */,
				0D8AAB412A9FE0500088987F /* Injected.swift */,
				0D9B89D82A9B6A2900709A00 /* AppDelegate.swift */,
				0D9B89DA2A9B6A2900709A00 /* SceneDelegate.swift */,
				0D1F7B162AC0C57D0008D9F8 /* Entities */,
				0D9B89FE2A9CFFA400709A00 /* Screen */,
				0D9B89FD2A9CFF7C00709A00 /* Managers */,
				0D9B89FC2A9CFF6100709A00 /* Coordinator */,
				0D9B89F92A9CDB8F00709A00 /* Extensions */,
				0D9B89F02A9CA9E300709A00 /* Views */,
				0D9B89ED2A9C94BB00709A00 /* Resources */,
			);
			path = Comparee;
			sourceTree = "<group>";
		};
		0D9B89ED2A9C94BB00709A00 /* Resources */ = {
			isa = PBXGroup;
			children = (
				0DBEA9862AA3CCE30026C441 /* BaseVC */,
				0D9B89FF2A9D01BE00709A00 /* Gesture.swift */,
				0D9B8A032A9D025C00709A00 /* UIControl.swift */,
				0D9B8A1B2A9DEFB300709A00 /* Fonts */,
				0D9B89E62A9B6A2A00709A00 /* Info.plist */,
				0D9B89E32A9B6A2A00709A00 /* LaunchScreen.storyboard */,
				0D9B89E12A9B6A2A00709A00 /* Assets.xcassets */,
			);
			path = Resources;
			sourceTree = "<group>";
		};
		0D9B89EF2A9C94D600709A00 /* RegistrationScreen */ = {
			isa = PBXGroup;
			children = (
				0D9B89DC2A9B6A2900709A00 /* RegistrationViewController.swift */,
				0DBEA97A2AA247140026C441 /* RegistrationViewModel.swift */,
				0DBEA97C2AA247260026C441 /* RegistrationViewModelProtocol.swift */,
				0DCA69542AAF4B5F00E19FA8 /* FieldsTypeModel.swift */,
			);
			path = RegistrationScreen;
			sourceTree = "<group>";
		};
		0D9B89F02A9CA9E300709A00 /* Views */ = {
			isa = PBXGroup;
			children = (
				0DE1326A2AD7055F006FB796 /* ProfileViews */,
				0D99B4492AC5524F00BB99BD /* RatingViews */,
				0D1F7B022AB849FE0008D9F8 /* CompareScreenViews */,
				0D8AAB172A9E86B30088987F /* Base */,
				0D8AAB162A9E86A00088987F /* AuthViews */,
				0D8AAB152A9E868F0088987F /* RegistrationViews */,
				0DBEA9912AA5AEA20026C441 /* PhotoUploadViews */,
			);
			path = Views;
			sourceTree = "<group>";
		};
		0D9B89F92A9CDB8F00709A00 /* Extensions */ = {
			isa = PBXGroup;
			children = (
				0DAC72F72AC8C08C00912D6D /* TableViewExtensions.swift */,
				0DB204BE2AA921F30040551D /* Extensions + UITapGestureRecognizer.swift */,
				0D9B8A012A9D01D800709A00 /* Extensions + UITextField.swift */,
				0D9B89FA2A9CDBA500709A00 /* Extensions + UImage.swift */,
				0DBEA9842AA320040026C441 /* Extension + UIViewController.swift */,
				0DBEA98B2AA4DDD90026C441 /* Extensions + String.swift */,
			);
			path = Extensions;
			sourceTree = "<group>";
		};
		0D9B89FC2A9CFF6100709A00 /* Coordinator */ = {
			isa = PBXGroup;
			children = (
				0DBEA98D2AA4DE080026C441 /* FlowCoordinators */,
				0D9B8A052A9D2D9000709A00 /* Base */,
				0D9B8A0C2A9D2E7B00709A00 /* NavigationController.swift */,
				0DCA69652AB3012100E19FA8 /* TabBarCoordinator.swift */,
				0D9B8A0E2A9D2E9000709A00 /* AppRouter.swift */,
				0D9B8A102A9D2EC100709A00 /* RootCoordinator.swift */,
			);
			path = Coordinator;
			sourceTree = "<group>";
		};
		0D9B89FD2A9CFF7C00709A00 /* Managers */ = {
			isa = PBXGroup;
			children = (
				0DE132792AD96B8C006FB796 /* ReachabilityManager */,
				0D1F7AF72AB5B26A0008D9F8 /* UserDefaultsManager */,
				0D1F7AF62AB5B0910008D9F8 /* UIManagers */,
				0DB204C62AA9EA810040551D /* StorageManager */,
				0DBEA9822AA247570026C441 /* AuthManager */,
				0DBEA9832AA247720026C441 /* FirebaseManager */,
			);
			path = Managers;
			sourceTree = "<group>";
		};
		0D9B89FE2A9CFFA400709A00 /* Screen */ = {
			isa = PBXGroup;
			children = (
				0D4D1EC92AE1980200ED7929 /* SettingsFlow */,
				0DCA69692AB306A100E19FA8 /* RatingScreen */,
				0DCA69682AB3066C00E19FA8 /* CompareScreen */,
				0DCA69672AB3065100E19FA8 /* LoginFlow */,
			);
			path = Screen;
			sourceTree = "<group>";
		};
		0D9B8A052A9D2D9000709A00 /* Base */ = {
			isa = PBXGroup;
			children = (
				0D9B8A062A9D2DAE00709A00 /* BaseCoordinator.swift */,
				0D9B8A082A9D2DDD00709A00 /* BaseCoordinatorsProtocol.swift */,
				0D9B8A0A2A9D2DFC00709A00 /* BaseViewModelInputProtocol.swift */,
			);
			path = Base;
			sourceTree = "<group>";
		};
		0D9B8A142A9D37D200709A00 /* LoginScreen */ = {
			isa = PBXGroup;
			children = (
				0D9B8A152A9D380000709A00 /* LoginViewController.swift */,
				0D8AAB362A9F27140088987F /* LoginViewModel.swift */,
				0DBEA96C2AA1F3030026C441 /* LoginViewModelProtocol.swift */,
			);
			path = LoginScreen;
			sourceTree = "<group>";
		};
		0D9B8A1B2A9DEFB300709A00 /* Fonts */ = {
			isa = PBXGroup;
			children = (
				0D1F7B052AB98FC40008D9F8 /* Satoshi-Medium.ttf */,
				0DF7B6A02AAC45F5008D7979 /* SFProText-Semibold.ttf */,
				0D9B8A172A9DEF5A00709A00 /* SFProText-Medium.ttf */,
				0D9B8A1C2A9DFA9E00709A00 /* SFProText-Regular.ttf */,
				0D9B8A192A9DEFAB00709A00 /* Cormorant-SemiBoldItalic.ttf */,
			);
			path = Fonts;
			sourceTree = "<group>";
		};
		0DB204B92AA7B9FA0040551D /* Frameworks */ = {
			isa = PBXGroup;
			children = (
			);
			name = Frameworks;
			sourceTree = "<group>";
		};
		0DB204C62AA9EA810040551D /* StorageManager */ = {
			isa = PBXGroup;
			children = (
				0DB204C72AA9EAB10040551D /* StorageManager.swift */,
				0DB204CC2AAA15AD0040551D /* StorageManagerProtocol.swift */,
				0DCA69612AB2DE2300E19FA8 /* DataTypeReference.swift */,
			);
			path = StorageManager;
			sourceTree = "<group>";
		};
		0DBEA9822AA247570026C441 /* AuthManager */ = {
			isa = PBXGroup;
			children = (
				0DBEA9642AA085BE0026C441 /* AuthManager.swift */,
				0DBEA9662AA09E450026C441 /* AuthManagerProtocol.swift */,
				0DB204BC2AA86FF30040551D /* AuthDataResultModel.swift */,
			);
			path = AuthManager;
			sourceTree = "<group>";
		};
		0DBEA9832AA247720026C441 /* FirebaseManager */ = {
			isa = PBXGroup;
			children = (
				0DBEA97E2AA247430026C441 /* FirebaseManager.swift */,
				0DBEA9802AA247510026C441 /* FirebaseManagerProtocol.swift */,
				0DCA69632AB2DEEB00E19FA8 /* FirestoreReference.swift */,
				0DCA69562AAF64E700E19FA8 /* DBUser.swift */,
				0DAC72F92ACAF24500912D6D /* UserRating.swift */,
			);
			path = FirebaseManager;
			sourceTree = "<group>";
		};
		0DBEA9862AA3CCE30026C441 /* BaseVC */ = {
			isa = PBXGroup;
			children = (
				0DBEA9872AA3CCF50026C441 /* BaseViewController.swift */,
				0DBEA9882AA3CCF50026C441 /* BaseViewControllerProtocol.swift */,
			);
			path = BaseVC;
			sourceTree = "<group>";
		};
		0DBEA98D2AA4DE080026C441 /* FlowCoordinators */ = {
			isa = PBXGroup;
			children = (
				0DBEA9682AA0E4360026C441 /* LoginFlowCoordinator.swift */,
				0DCA69712AB3079100E19FA8 /* CompareFlowCoordinator.swift */,
				0DCA69732AB307A700E19FA8 /* RatingScreenFlowCoordinator.swift */,
				0DCA69752AB307CB00E19FA8 /* ProfileScreenFlowCoordinator.swift */,
			);
			path = FlowCoordinators;
			sourceTree = "<group>";
		};
		0DBEA98E2AA5ABFD0026C441 /*  ProfilePictureUploadScreen */ = {
			isa = PBXGroup;
			children = (
				0DBEA98F2AA5AC450026C441 /* ProfilePictureUploadViewController.swift */,
				0DB204C22AA9E9660040551D /* ProfilePictureUploadViewModel.swift */,
				0DB204C42AA9E98A0040551D /* ProfilePictureUploadViewModelProtocol.swift */,
			);
			path = " ProfilePictureUploadScreen";
			sourceTree = "<group>";
		};
		0DBEA9912AA5AEA20026C441 /* PhotoUploadViews */ = {
			isa = PBXGroup;
			children = (
				0DBEA9922AA5AF140026C441 /* PhotoAddButton.swift */,
				0DBEA9942AA5CCE30026C441 /* AdviceImageView.swift */,
				0DCA69582AAF901300E19FA8 /* PreviewView.swift */,
			);
			path = PhotoUploadViews;
			sourceTree = "<group>";
		};
		0DCA69672AB3065100E19FA8 /* LoginFlow */ = {
			isa = PBXGroup;
			children = (
				0DBEA98E2AA5ABFD0026C441 /*  ProfilePictureUploadScreen */,
				0D9B89EF2A9C94D600709A00 /* RegistrationScreen */,
				0D9B8A142A9D37D200709A00 /* LoginScreen */,
			);
			path = LoginFlow;
			sourceTree = "<group>";
		};
		0DCA69682AB3066C00E19FA8 /* CompareScreen */ = {
			isa = PBXGroup;
			children = (
				0DCA696B2AB3070400E19FA8 /* CompareViewController.swift */,
				0D1F7B072ABB04CA0008D9F8 /* CompareViewModel.swift */,
				0D1F7B092ABB04D70008D9F8 /* CompareViewModelProtocol.swift */,
			);
			path = CompareScreen;
			sourceTree = "<group>";
		};
		0DCA69692AB306A100E19FA8 /* RatingScreen */ = {
			isa = PBXGroup;
			children = (
				0DCA696D2AB3072A00E19FA8 /* RatingViewController.swift */,
				0D99B4452AC551D000BB99BD /* RatingViewModel.swift */,
				0D99B4472AC551D800BB99BD /* RatingViewModelProtocol.swift */,
			);
			path = RatingScreen;
			sourceTree = "<group>";
		};
		0DCA696A2AB306CF00E19FA8 /* ProfileScreen */ = {
			isa = PBXGroup;
			children = (
				0DCA696F2AB3073900E19FA8 /* ProfileViewController.swift */,
				0DE132662AD5879D006FB796 /* ProfileViewModel.swift */,
				0DE132682AD587AE006FB796 /* ProfileViewModelProtocol.swift */,
			);
			path = ProfileScreen;
			sourceTree = "<group>";
		};
		0DE132632AD40D3D006FB796 /* RatingScreen */ = {
			isa = PBXGroup;
			children = (
				0DAC72FB2ACC55CF00912D6D /* UsersViewItem.swift */,
				0DE132642AD42DC1006FB796 /* RatingData.swift */,
			);
			path = RatingScreen;
			sourceTree = "<group>";
		};
		0DE1326A2AD7055F006FB796 /* ProfileViews */ = {
			isa = PBXGroup;
			children = (
				0DE1326B2AD70795006FB796 /* SettingsCell.swift */,
				0DE1326D2AD7F0C3006FB796 /* UserProfileView.swift */,
				0D3843342AE26D9400E34EDC /* DeleteAccountView.swift */,
			);
			path = ProfileViews;
			sourceTree = "<group>";
		};
		0DE1326F2AD87153006FB796 /* ProfileScreen */ = {
			isa = PBXGroup;
			children = (
				0DE132702AD8716A006FB796 /* SettingsViewItem.swift */,
				0DE132722AD87183006FB796 /* AlertCase.swift */,
				0DE132742AD87354006FB796 /* SettingsOptions.swift */,
			);
			path = ProfileScreen;
			sourceTree = "<group>";
		};
		0DE132792AD96B8C006FB796 /* ReachabilityManager */ = {
			isa = PBXGroup;
			children = (
				0DE1327A2AD96BAA006FB796 /* ReachabilityManager.swift */,
				0DE1327C2AD96C20006FB796 /* ReachabilityManagerProtocol.swift */,
			);
			path = ReachabilityManager;
			sourceTree = "<group>";
		};
/* End PBXGroup section */

/* Begin PBXNativeTarget section */
		0D9B89D42A9B6A2900709A00 /* Comparee */ = {
			isa = PBXNativeTarget;
			buildConfigurationList = 0D9B89E92A9B6A2A00709A00 /* Build configuration list for PBXNativeTarget "Comparee" */;
			buildPhases = (
				0D9B89D12A9B6A2900709A00 /* Sources */,
				0D9B89D22A9B6A2900709A00 /* Frameworks */,
				0D9B89D32A9B6A2900709A00 /* Resources */,
				0DBEA9792AA230BE0026C441 /* Swift Lint */,
			);
			buildRules = (
			);
			dependencies = (
			);
			name = Comparee;
			packageProductDependencies = (
				0D8AAB302A9F1D330088987F /* FirebaseAuth */,
				0D8AAB342A9F1D330088987F /* FirebaseStorage */,
				0DB204BA2AA7B9FA0040551D /* FirebaseFirestoreSwift */,
				0DB204CA2AA9F7360040551D /* CropViewController */,
				0DF7B69C2AAB2981008D7979 /* SwiftEntryKit */,
				0D1F7B0E2ABC55E40008D9F8 /* SkeletonView */,
				0D1F7B142ABDCCBB0008D9F8 /* Kingfisher */,
			);
			productName = Comparee;
			productReference = 0D9B89D52A9B6A2900709A00 /* Comparee.app */;
			productType = "com.apple.product-type.application";
		};
/* End PBXNativeTarget section */

/* Begin PBXProject section */
		0D9B89CD2A9B6A2900709A00 /* Project object */ = {
			isa = PBXProject;
			attributes = {
				BuildIndependentTargetsInParallel = 1;
				LastSwiftUpdateCheck = 1430;
				LastUpgradeCheck = 1430;
				TargetAttributes = {
					0D9B89D42A9B6A2900709A00 = {
						CreatedOnToolsVersion = 14.3.1;
					};
				};
			};
			buildConfigurationList = 0D9B89D02A9B6A2900709A00 /* Build configuration list for PBXProject "Comparee" */;
			compatibilityVersion = "Xcode 14.0";
			developmentRegion = en;
			hasScannedForEncodings = 0;
			knownRegions = (
				en,
				Base,
			);
			mainGroup = 0D9B89CC2A9B6A2900709A00;
			packageReferences = (
				0D8AAB2F2A9F1D330088987F /* XCRemoteSwiftPackageReference "firebase-ios-sdk" */,
				0DBEA9742AA201AB0026C441 /* XCRemoteSwiftPackageReference "SwiftLint" */,
				0DB204C92AA9F7360040551D /* XCRemoteSwiftPackageReference "TOCropViewController" */,
				0DF7B69B2AAB2980008D7979 /* XCRemoteSwiftPackageReference "SwiftEntryKit" */,
				0D1F7B0D2ABC55E40008D9F8 /* XCRemoteSwiftPackageReference "SkeletonView" */,
				0D1F7B132ABDCCBB0008D9F8 /* XCRemoteSwiftPackageReference "Kingfisher" */,
			);
			productRefGroup = 0D9B89D62A9B6A2900709A00 /* Products */;
			projectDirPath = "";
			projectRoot = "";
			targets = (
				0D9B89D42A9B6A2900709A00 /* Comparee */,
			);
		};
/* End PBXProject section */

/* Begin PBXResourcesBuildPhase section */
		0D9B89D32A9B6A2900709A00 /* Resources */ = {
			isa = PBXResourcesBuildPhase;
			buildActionMask = 2147483647;
			files = (
				0D1F7B012AB728490008D9F8 /* SFProText-Semibold.ttf in Resources */,
				0D9B8A182A9DEF5A00709A00 /* SFProText-Medium.ttf in Resources */,
				0D9B89E52A9B6A2A00709A00 /* LaunchScreen.storyboard in Resources */,
				0D9B89E22A9B6A2A00709A00 /* Assets.xcassets in Resources */,
				0D9B8A1D2A9DFA9E00709A00 /* SFProText-Regular.ttf in Resources */,
				0D9B8A1A2A9DEFAB00709A00 /* Cormorant-SemiBoldItalic.ttf in Resources */,
				0D8AAB402A9F8EF70088987F /* GoogleService-Info.plist in Resources */,
				0D1F7B062AB98FC40008D9F8 /* Satoshi-Medium.ttf in Resources */,
			);
			runOnlyForDeploymentPostprocessing = 0;
		};
/* End PBXResourcesBuildPhase section */

/* Begin PBXShellScriptBuildPhase section */
		0DBEA9792AA230BE0026C441 /* Swift Lint */ = {
			isa = PBXShellScriptBuildPhase;
			buildActionMask = 2147483647;
			files = (
			);
			inputFileListPaths = (
			);
			inputPaths = (
			);
			name = "Swift Lint";
			outputFileListPaths = (
			);
			outputPaths = (
			);
			runOnlyForDeploymentPostprocessing = 0;
			shellPath = /bin/sh;
			shellScript = "#if [[ \"$(uname -m)\" == arm64 ]]; then\n#     export PATH=\"/opt/homebrew/bin:$PATH\"\n#fi\n#\n#if which swiftlint > /dev/null; then\n#  swiftlint\n#else\n# echo \"warning: SwiftLint not installed, download from #https://github.com/realm/SwiftLint\"\n#fi\n#\n";
		};
/* End PBXShellScriptBuildPhase section */

/* Begin PBXSourcesBuildPhase section */
		0D9B89D12A9B6A2900709A00 /* Sources */ = {
			isa = PBXSourcesBuildPhase;
			buildActionMask = 2147483647;
			files = (
				0D9B8A0B2A9D2DFC00709A00 /* BaseViewModelInputProtocol.swift in Sources */,
				0D9B8A092A9D2DDD00709A00 /* BaseCoordinatorsProtocol.swift in Sources */,
				0D99B44B2AC552BC00BB99BD /* RatingHeaderView.swift in Sources */,
				0D9B89DD2A9B6A2900709A00 /* RegistrationViewController.swift in Sources */,
				0D9B8A022A9D01D800709A00 /* Extensions + UITextField.swift in Sources */,
				0D1F7B212AC0C6AC0008D9F8 /* UserInfo.swift in Sources */,
				0D8AAB3B2A9F44F20088987F /* RegisterInputView.swift in Sources */,
				0DF7B69F2AAB4221008D7979 /* AlertView.swift in Sources */,
				0DAC72F82AC8C08C00912D6D /* TableViewExtensions.swift in Sources */,
				0D99B4482AC551D800BB99BD /* RatingViewModelProtocol.swift in Sources */,
				0D1F7AFC2AB5B3420008D9F8 /* UserDefaultsManager.swift in Sources */,
				0D99B4462AC551D000BB99BD /* RatingViewModel.swift in Sources */,
				0DCA69722AB3079100E19FA8 /* CompareFlowCoordinator.swift in Sources */,
				0D9B89FB2A9CDBA500709A00 /* Extensions + UImage.swift in Sources */,
				0DB204C12AA9DBC10040551D /* ColorManager.swift in Sources */,
				0DBEA97D2AA247260026C441 /* RegistrationViewModelProtocol.swift in Sources */,
				0DCA69762AB307CB00E19FA8 /* ProfileScreenFlowCoordinator.swift in Sources */,
				0DBEA9692AA0E4360026C441 /* LoginFlowCoordinator.swift in Sources */,
				0DCA69662AB3012100E19FA8 /* TabBarCoordinator.swift in Sources */,
				0D1F7B192AC0C62A0008D9F8 /* UserType.swift in Sources */,
				0D4D1ED32AE1AA0900ED7929 /* InformationEditingViewModelProtocol.swift in Sources */,
				0DBEA9652AA085BE0026C441 /* AuthManager.swift in Sources */,
				0DCA69592AAF901300E19FA8 /* PreviewView.swift in Sources */,
				0D4D1ED52AE1AAF700ED7929 /* InformationEditingViewController.swift in Sources */,
				0D4D1EBC2AE1191B00ED7929 /* ProfileEditingViewModel.swift in Sources */,
				0DCA69702AB3073900E19FA8 /* ProfileViewController.swift in Sources */,
				0DCA69552AAF4B5F00E19FA8 /* FieldsTypeModel.swift in Sources */,
				0D8AAB1D2A9E8B050088987F /* PolicyLabel.swift in Sources */,
				0D8AAB372A9F27140088987F /* LoginViewModel.swift in Sources */,
				0D99B44D2AC552DD00BB99BD /* TopUserView.swift in Sources */,
				0DB204C32AA9E9660040551D /* ProfilePictureUploadViewModel.swift in Sources */,
				0DE132672AD5879D006FB796 /* ProfileViewModel.swift in Sources */,
				0DB204C52AA9E98A0040551D /* ProfilePictureUploadViewModelProtocol.swift in Sources */,
				0DAC72F62AC6F3A100912D6D /* UserRatingCellCollectionViewCell.swift in Sources */,
				0DE132692AD587AE006FB796 /* ProfileViewModelProtocol.swift in Sources */,
				0DBEA9892AA3CCF50026C441 /* BaseViewController.swift in Sources */,
				0DB204C82AA9EAB10040551D /* StorageManager.swift in Sources */,
				0DB204CD2AAA15AD0040551D /* StorageManagerProtocol.swift in Sources */,
				0DAC72FE2ACE3D1F00912D6D /* CurrentUserView.swift in Sources */,
				0DBEA98A2AA3CCF50026C441 /* BaseViewControllerProtocol.swift in Sources */,
				0DCA69622AB2DE2300E19FA8 /* DataTypeReference.swift in Sources */,
				0DBEA9672AA09E450026C441 /* AuthManagerProtocol.swift in Sources */,
				0DBEA9812AA247510026C441 /* FirebaseManagerProtocol.swift in Sources */,
				0D9B89F82A9CD12000709A00 /* AuthButton.swift in Sources */,
				0D9B8A002A9D01BE00709A00 /* Gesture.swift in Sources */,
				0D99B43F2AC4545100BB99BD /* DataKey.swift in Sources */,
				0D1F7AFB2AB5B3420008D9F8 /* UserDefaultsManagerProtocol.swift in Sources */,
				0D4D1ED12AE1A9F200ED7929 /* InformationEditingViewModel.swift in Sources */,
				0DE132712AD8716A006FB796 /* SettingsViewItem.swift in Sources */,
				0D4D1ECD2AE19AB900ED7929 /* PhotoEditingViewModel.swift in Sources */,
				0DCA696E2AB3072A00E19FA8 /* RatingViewController.swift in Sources */,
				0D8AAB422A9FE0500088987F /* Injected.swift in Sources */,
				0DCA69742AB307A700E19FA8 /* RatingScreenFlowCoordinator.swift in Sources */,
				0DBEA98C2AA4DDD90026C441 /* Extensions + String.swift in Sources */,
				0DE132652AD42DC1006FB796 /* RatingData.swift in Sources */,
				0D9B8A0D2A9D2E7B00709A00 /* NavigationController.swift in Sources */,
				0D4D1ECB2AE1993500ED7929 /* PhotoEditingViewController.swift in Sources */,
				0D8AAB3D2A9F52880088987F /* RegInputEnum.swift in Sources */,
				0D4D1EBE2AE11A2800ED7929 /* ProfileEditingViewController.swift in Sources */,
				0D1F7B0A2ABB04D70008D9F8 /* CompareViewModelProtocol.swift in Sources */,
				0DCA69572AAF64E700E19FA8 /* DBUser.swift in Sources */,
				0DBEA96D2AA1F3030026C441 /* LoginViewModelProtocol.swift in Sources */,
				0DE1326C2AD70795006FB796 /* SettingsCell.swift in Sources */,
				0DB204BF2AA921F30040551D /* Extensions + UITapGestureRecognizer.swift in Sources */,
				0D8AAB282A9E8DB00088987F /* BackgroundImageView.swift in Sources */,
				0DBEA97B2AA247140026C441 /* RegistrationViewModel.swift in Sources */,
				0DE132732AD87183006FB796 /* AlertCase.swift in Sources */,
				0DBEA97F2AA247430026C441 /* FirebaseManager.swift in Sources */,
				0DBEA9932AA5AF140026C441 /* PhotoAddButton.swift in Sources */,
				0D1F7B042AB84A1A0008D9F8 /* CompareView.swift in Sources */,
				0DB204BD2AA86FF30040551D /* AuthDataResultModel.swift in Sources */,
				0DBEA9632AA0830A0026C441 /* FontManager.swift in Sources */,
				0D9B8A042A9D025C00709A00 /* UIControl.swift in Sources */,
				0D9B89F22A9CAA0400709A00 /* DefinitionLabel.swift in Sources */,
				0D9B8A112A9D2EC100709A00 /* RootCoordinator.swift in Sources */,
				0D1F7B1D2AC0C66A0008D9F8 /* ImagePair.swift in Sources */,
				0DBEA9972AA6292F0026C441 /* RoundedWhiteView.swift in Sources */,
				0D9B8A072A9D2DAE00709A00 /* BaseCoordinator.swift in Sources */,
				0D9B89D92A9B6A2900709A00 /* AppDelegate.swift in Sources */,
				0D4D1EC02AE11A6400ED7929 /* ProfileEditingViewModelProtocol.swift in Sources */,
				0DCA69642AB2DEEB00E19FA8 /* FirestoreReference.swift in Sources */,
				0D8AAB462A9FE0CB0088987F /* IconManager.swift in Sources */,
				0D4D1EC52AE159B900ED7929 /* ProfileSettingsViewItem.swift in Sources */,
				0DCA696C2AB3070400E19FA8 /* CompareViewController.swift in Sources */,
				0D983BA12AC16F25007F992E /* CompareError.swift in Sources */,
				0DAC72F42AC5AF6300912D6D /* TopPlaceLabel.swift in Sources */,
				0DBEA9902AA5AC450026C441 /* ProfilePictureUploadViewController.swift in Sources */,
				0D1F7B082ABB04CA0008D9F8 /* CompareViewModel.swift in Sources */,
				0D9B8A0F2A9D2E9000709A00 /* AppRouter.swift in Sources */,
				0D1F7B1B2AC0C6450008D9F8 /* URLPair.swift in Sources */,
				0DBEA9852AA320040026C441 /* Extension + UIViewController.swift in Sources */,
				0DBEA9952AA5CCE30026C441 /* AdviceImageView.swift in Sources */,
				0D9B89DB2A9B6A2900709A00 /* SceneDelegate.swift in Sources */,
				0DE1327D2AD96C20006FB796 /* ReachabilityManagerProtocol.swift in Sources */,
				0DE1327B2AD96BAA006FB796 /* ReachabilityManager.swift in Sources */,
				0D3843352AE26D9400E34EDC /* DeleteAccountView.swift in Sources */,
				0D4D1EC22AE1223E00ED7929 /* ProfileEditingOptions.swift in Sources */,
				0D1F7B1F2AC0C6810008D9F8 /* UserPair.swift in Sources */,
				0DE132752AD87354006FB796 /* SettingsOptions.swift in Sources */,
				0D9B8A162A9D380000709A00 /* LoginViewController.swift in Sources */,
				0D4D1ECF2AE19AC800ED7929 /* PhotoEditingViewModelProtocol.swift in Sources */,
				0DAC72FA2ACAF24500912D6D /* UserRating.swift in Sources */,
				0D9B89F62A9CC0F100709A00 /* ErrorLabel.swift in Sources */,
				0DE1326E2AD7F0C3006FB796 /* UserProfileView.swift in Sources */,
				0D9B89F42A9CB21B00709A00 /* RegistrationTextField.swift in Sources */,
				0DAC72FC2ACC55CF00912D6D /* UsersViewItem.swift in Sources */,
			);
			runOnlyForDeploymentPostprocessing = 0;
		};
/* End PBXSourcesBuildPhase section */

/* Begin PBXVariantGroup section */
		0D9B89E32A9B6A2A00709A00 /* LaunchScreen.storyboard */ = {
			isa = PBXVariantGroup;
			children = (
				0D9B89E42A9B6A2A00709A00 /* Base */,
			);
			name = LaunchScreen.storyboard;
			sourceTree = "<group>";
		};
/* End PBXVariantGroup section */

/* Begin XCBuildConfiguration section */
		0D9B89E72A9B6A2A00709A00 /* Debug */ = {
			isa = XCBuildConfiguration;
			buildSettings = {
				ALWAYS_SEARCH_USER_PATHS = NO;
				CLANG_ANALYZER_NONNULL = YES;
				CLANG_ANALYZER_NUMBER_OBJECT_CONVERSION = YES_AGGRESSIVE;
				CLANG_CXX_LANGUAGE_STANDARD = "gnu++20";
				CLANG_ENABLE_MODULES = YES;
				CLANG_ENABLE_OBJC_ARC = YES;
				CLANG_ENABLE_OBJC_WEAK = YES;
				CLANG_WARN_BLOCK_CAPTURE_AUTORELEASING = YES;
				CLANG_WARN_BOOL_CONVERSION = YES;
				CLANG_WARN_COMMA = YES;
				CLANG_WARN_CONSTANT_CONVERSION = YES;
				CLANG_WARN_DEPRECATED_OBJC_IMPLEMENTATIONS = YES;
				CLANG_WARN_DIRECT_OBJC_ISA_USAGE = YES_ERROR;
				CLANG_WARN_DOCUMENTATION_COMMENTS = YES;
				CLANG_WARN_EMPTY_BODY = YES;
				CLANG_WARN_ENUM_CONVERSION = YES;
				CLANG_WARN_INFINITE_RECURSION = YES;
				CLANG_WARN_INT_CONVERSION = YES;
				CLANG_WARN_NON_LITERAL_NULL_CONVERSION = YES;
				CLANG_WARN_OBJC_IMPLICIT_RETAIN_SELF = YES;
				CLANG_WARN_OBJC_LITERAL_CONVERSION = YES;
				CLANG_WARN_OBJC_ROOT_CLASS = YES_ERROR;
				CLANG_WARN_QUOTED_INCLUDE_IN_FRAMEWORK_HEADER = YES;
				CLANG_WARN_RANGE_LOOP_ANALYSIS = YES;
				CLANG_WARN_STRICT_PROTOTYPES = YES;
				CLANG_WARN_SUSPICIOUS_MOVE = YES;
				CLANG_WARN_UNGUARDED_AVAILABILITY = YES_AGGRESSIVE;
				CLANG_WARN_UNREACHABLE_CODE = YES;
				CLANG_WARN__DUPLICATE_METHOD_MATCH = YES;
				COPY_PHASE_STRIP = NO;
				DEBUG_INFORMATION_FORMAT = dwarf;
				ENABLE_STRICT_OBJC_MSGSEND = YES;
				ENABLE_TESTABILITY = YES;
				GCC_C_LANGUAGE_STANDARD = gnu11;
				GCC_DYNAMIC_NO_PIC = NO;
				GCC_NO_COMMON_BLOCKS = YES;
				GCC_OPTIMIZATION_LEVEL = 0;
				GCC_PREPROCESSOR_DEFINITIONS = (
					"DEBUG=1",
					"$(inherited)",
				);
				GCC_WARN_64_TO_32_BIT_CONVERSION = YES;
				GCC_WARN_ABOUT_RETURN_TYPE = YES_ERROR;
				GCC_WARN_UNDECLARED_SELECTOR = YES;
				GCC_WARN_UNINITIALIZED_AUTOS = YES_AGGRESSIVE;
				GCC_WARN_UNUSED_FUNCTION = YES;
				GCC_WARN_UNUSED_VARIABLE = YES;
				IPHONEOS_DEPLOYMENT_TARGET = 16.0;
				MTL_ENABLE_DEBUG_INFO = INCLUDE_SOURCE;
				MTL_FAST_MATH = YES;
				ONLY_ACTIVE_ARCH = YES;
				SDKROOT = iphoneos;
				SWIFT_ACTIVE_COMPILATION_CONDITIONS = DEBUG;
				SWIFT_OPTIMIZATION_LEVEL = "-Onone";
			};
			name = Debug;
		};
		0D9B89E82A9B6A2A00709A00 /* Release */ = {
			isa = XCBuildConfiguration;
			buildSettings = {
				ALWAYS_SEARCH_USER_PATHS = NO;
				CLANG_ANALYZER_NONNULL = YES;
				CLANG_ANALYZER_NUMBER_OBJECT_CONVERSION = YES_AGGRESSIVE;
				CLANG_CXX_LANGUAGE_STANDARD = "gnu++20";
				CLANG_ENABLE_MODULES = YES;
				CLANG_ENABLE_OBJC_ARC = YES;
				CLANG_ENABLE_OBJC_WEAK = YES;
				CLANG_WARN_BLOCK_CAPTURE_AUTORELEASING = YES;
				CLANG_WARN_BOOL_CONVERSION = YES;
				CLANG_WARN_COMMA = YES;
				CLANG_WARN_CONSTANT_CONVERSION = YES;
				CLANG_WARN_DEPRECATED_OBJC_IMPLEMENTATIONS = YES;
				CLANG_WARN_DIRECT_OBJC_ISA_USAGE = YES_ERROR;
				CLANG_WARN_DOCUMENTATION_COMMENTS = YES;
				CLANG_WARN_EMPTY_BODY = YES;
				CLANG_WARN_ENUM_CONVERSION = YES;
				CLANG_WARN_INFINITE_RECURSION = YES;
				CLANG_WARN_INT_CONVERSION = YES;
				CLANG_WARN_NON_LITERAL_NULL_CONVERSION = YES;
				CLANG_WARN_OBJC_IMPLICIT_RETAIN_SELF = YES;
				CLANG_WARN_OBJC_LITERAL_CONVERSION = YES;
				CLANG_WARN_OBJC_ROOT_CLASS = YES_ERROR;
				CLANG_WARN_QUOTED_INCLUDE_IN_FRAMEWORK_HEADER = YES;
				CLANG_WARN_RANGE_LOOP_ANALYSIS = YES;
				CLANG_WARN_STRICT_PROTOTYPES = YES;
				CLANG_WARN_SUSPICIOUS_MOVE = YES;
				CLANG_WARN_UNGUARDED_AVAILABILITY = YES_AGGRESSIVE;
				CLANG_WARN_UNREACHABLE_CODE = YES;
				CLANG_WARN__DUPLICATE_METHOD_MATCH = YES;
				COPY_PHASE_STRIP = NO;
				DEBUG_INFORMATION_FORMAT = "dwarf-with-dsym";
				ENABLE_NS_ASSERTIONS = NO;
				ENABLE_STRICT_OBJC_MSGSEND = YES;
				GCC_C_LANGUAGE_STANDARD = gnu11;
				GCC_NO_COMMON_BLOCKS = YES;
				GCC_WARN_64_TO_32_BIT_CONVERSION = YES;
				GCC_WARN_ABOUT_RETURN_TYPE = YES_ERROR;
				GCC_WARN_UNDECLARED_SELECTOR = YES;
				GCC_WARN_UNINITIALIZED_AUTOS = YES_AGGRESSIVE;
				GCC_WARN_UNUSED_FUNCTION = YES;
				GCC_WARN_UNUSED_VARIABLE = YES;
				IPHONEOS_DEPLOYMENT_TARGET = 16.0;
				MTL_ENABLE_DEBUG_INFO = NO;
				MTL_FAST_MATH = YES;
				SDKROOT = iphoneos;
				SWIFT_COMPILATION_MODE = wholemodule;
				SWIFT_OPTIMIZATION_LEVEL = "-O";
				VALIDATE_PRODUCT = YES;
			};
			name = Release;
		};
		0D9B89EA2A9B6A2A00709A00 /* Debug */ = {
			isa = XCBuildConfiguration;
			buildSettings = {
				ASSETCATALOG_COMPILER_APPICON_NAME = AppIcon;
				ASSETCATALOG_COMPILER_GLOBAL_ACCENT_COLOR_NAME = AccentColor;
				CODE_SIGN_ENTITLEMENTS = Comparee/Comparee.entitlements;
				CODE_SIGN_STYLE = Automatic;
				CURRENT_PROJECT_VERSION = 6;
				DEVELOPMENT_TEAM = BWX9BT3R83;
				GENERATE_INFOPLIST_FILE = YES;
				INFOPLIST_FILE = Comparee/Resources/Info.plist;
				INFOPLIST_KEY_UIApplicationSupportsIndirectInputEvents = YES;
				INFOPLIST_KEY_UILaunchStoryboardName = "";
				INFOPLIST_KEY_UIStatusBarStyle = UIStatusBarStyleLightContent;
				INFOPLIST_KEY_UISupportedInterfaceOrientations = UIInterfaceOrientationPortrait;
				INFOPLIST_KEY_UISupportedInterfaceOrientations_iPad = "UIInterfaceOrientationLandscapeLeft UIInterfaceOrientationLandscapeRight UIInterfaceOrientationPortrait UIInterfaceOrientationPortraitUpsideDown";
				IPHONEOS_DEPLOYMENT_TARGET = 16.0;
				LD_RUNPATH_SEARCH_PATHS = (
					"$(inherited)",
					"@executable_path/Frameworks",
				);
				MARKETING_VERSION = 1.0.0;
				PRODUCT_BUNDLE_IDENTIFIER = comparee.app.Comparee.com;
				PRODUCT_NAME = "$(TARGET_NAME)";
				SUPPORTED_PLATFORMS = "iphoneos iphonesimulator";
				SUPPORTS_MACCATALYST = NO;
				SUPPORTS_MAC_DESIGNED_FOR_IPHONE_IPAD = YES;
				SWIFT_EMIT_LOC_STRINGS = YES;
				SWIFT_VERSION = 5.0;
				TARGETED_DEVICE_FAMILY = 1;
			};
			name = Debug;
		};
		0D9B89EB2A9B6A2A00709A00 /* Release */ = {
			isa = XCBuildConfiguration;
			buildSettings = {
				ASSETCATALOG_COMPILER_APPICON_NAME = AppIcon;
				ASSETCATALOG_COMPILER_GLOBAL_ACCENT_COLOR_NAME = AccentColor;
				CODE_SIGN_ENTITLEMENTS = Comparee/Comparee.entitlements;
				CODE_SIGN_STYLE = Automatic;
				CURRENT_PROJECT_VERSION = 6;
				DEVELOPMENT_TEAM = BWX9BT3R83;
				GENERATE_INFOPLIST_FILE = YES;
				INFOPLIST_FILE = Comparee/Resources/Info.plist;
				INFOPLIST_KEY_UIApplicationSupportsIndirectInputEvents = YES;
				INFOPLIST_KEY_UILaunchStoryboardName = "";
				INFOPLIST_KEY_UIStatusBarStyle = UIStatusBarStyleLightContent;
				INFOPLIST_KEY_UISupportedInterfaceOrientations = UIInterfaceOrientationPortrait;
				INFOPLIST_KEY_UISupportedInterfaceOrientations_iPad = "UIInterfaceOrientationLandscapeLeft UIInterfaceOrientationLandscapeRight UIInterfaceOrientationPortrait UIInterfaceOrientationPortraitUpsideDown";
				IPHONEOS_DEPLOYMENT_TARGET = 16.0;
				LD_RUNPATH_SEARCH_PATHS = (
					"$(inherited)",
					"@executable_path/Frameworks",
				);
				MARKETING_VERSION = 1.0.0;
				PRODUCT_BUNDLE_IDENTIFIER = comparee.app.Comparee.com;
				PRODUCT_NAME = "$(TARGET_NAME)";
				SUPPORTED_PLATFORMS = "iphoneos iphonesimulator";
				SUPPORTS_MACCATALYST = NO;
				SUPPORTS_MAC_DESIGNED_FOR_IPHONE_IPAD = YES;
				SWIFT_EMIT_LOC_STRINGS = YES;
				SWIFT_VERSION = 5.0;
				TARGETED_DEVICE_FAMILY = 1;
			};
			name = Release;
		};
/* End XCBuildConfiguration section */

/* Begin XCConfigurationList section */
		0D9B89D02A9B6A2900709A00 /* Build configuration list for PBXProject "Comparee" */ = {
			isa = XCConfigurationList;
			buildConfigurations = (
				0D9B89E72A9B6A2A00709A00 /* Debug */,
				0D9B89E82A9B6A2A00709A00 /* Release */,
			);
			defaultConfigurationIsVisible = 0;
			defaultConfigurationName = Debug;
		};
		0D9B89E92A9B6A2A00709A00 /* Build configuration list for PBXNativeTarget "Comparee" */ = {
			isa = XCConfigurationList;
			buildConfigurations = (
				0D9B89EA2A9B6A2A00709A00 /* Debug */,
				0D9B89EB2A9B6A2A00709A00 /* Release */,
			);
			defaultConfigurationIsVisible = 0;
			defaultConfigurationName = Debug;
		};
/* End XCConfigurationList section */

/* Begin XCRemoteSwiftPackageReference section */
		0D1F7B0D2ABC55E40008D9F8 /* XCRemoteSwiftPackageReference "SkeletonView" */ = {
			isa = XCRemoteSwiftPackageReference;
			repositoryURL = "https://github.com/Juanpe/SkeletonView.git";
			requirement = {
				kind = upToNextMajorVersion;
				minimumVersion = 1.0.0;
			};
		};
		0D1F7B132ABDCCBB0008D9F8 /* XCRemoteSwiftPackageReference "Kingfisher" */ = {
			isa = XCRemoteSwiftPackageReference;
			repositoryURL = "https://github.com/onevcat/Kingfisher.git";
			requirement = {
				kind = upToNextMajorVersion;
				minimumVersion = 7.0.0;
			};
		};
		0D8AAB2F2A9F1D330088987F /* XCRemoteSwiftPackageReference "firebase-ios-sdk" */ = {
			isa = XCRemoteSwiftPackageReference;
			repositoryURL = "https://github.com/firebase/firebase-ios-sdk";
			requirement = {
				kind = upToNextMajorVersion;
				minimumVersion = 10.0.0;
			};
		};
		0DB204C92AA9F7360040551D /* XCRemoteSwiftPackageReference "TOCropViewController" */ = {
			isa = XCRemoteSwiftPackageReference;
			repositoryURL = "https://github.com/TimOliver/TOCropViewController.git";
			requirement = {
				kind = upToNextMajorVersion;
				minimumVersion = 2.0.0;
			};
		};
		0DBEA9742AA201AB0026C441 /* XCRemoteSwiftPackageReference "SwiftLint" */ = {
			isa = XCRemoteSwiftPackageReference;
			repositoryURL = "https://github.com/realm/SwiftLint";
			requirement = {
				kind = upToNextMajorVersion;
				minimumVersion = 0.52.4;
			};
		};
		0DF7B69B2AAB2980008D7979 /* XCRemoteSwiftPackageReference "SwiftEntryKit" */ = {
			isa = XCRemoteSwiftPackageReference;
			repositoryURL = "https://github.com/huri000/SwiftEntryKit.git";
			requirement = {
				kind = upToNextMajorVersion;
				minimumVersion = 2.0.0;
			};
		};
/* End XCRemoteSwiftPackageReference section */

/* Begin XCSwiftPackageProductDependency section */
		0D1F7B0E2ABC55E40008D9F8 /* SkeletonView */ = {
			isa = XCSwiftPackageProductDependency;
			package = 0D1F7B0D2ABC55E40008D9F8 /* XCRemoteSwiftPackageReference "SkeletonView" */;
			productName = SkeletonView;
		};
		0D1F7B142ABDCCBB0008D9F8 /* Kingfisher */ = {
			isa = XCSwiftPackageProductDependency;
			package = 0D1F7B132ABDCCBB0008D9F8 /* XCRemoteSwiftPackageReference "Kingfisher" */;
			productName = Kingfisher;
		};
		0D8AAB302A9F1D330088987F /* FirebaseAuth */ = {
			isa = XCSwiftPackageProductDependency;
			package = 0D8AAB2F2A9F1D330088987F /* XCRemoteSwiftPackageReference "firebase-ios-sdk" */;
			productName = FirebaseAuth;
		};
		0D8AAB342A9F1D330088987F /* FirebaseStorage */ = {
			isa = XCSwiftPackageProductDependency;
			package = 0D8AAB2F2A9F1D330088987F /* XCRemoteSwiftPackageReference "firebase-ios-sdk" */;
			productName = FirebaseStorage;
		};
		0DB204BA2AA7B9FA0040551D /* FirebaseFirestoreSwift */ = {
			isa = XCSwiftPackageProductDependency;
			package = 0D8AAB2F2A9F1D330088987F /* XCRemoteSwiftPackageReference "firebase-ios-sdk" */;
			productName = FirebaseFirestoreSwift;
		};
		0DB204CA2AA9F7360040551D /* CropViewController */ = {
			isa = XCSwiftPackageProductDependency;
			package = 0DB204C92AA9F7360040551D /* XCRemoteSwiftPackageReference "TOCropViewController" */;
			productName = CropViewController;
		};
		0DF7B69C2AAB2981008D7979 /* SwiftEntryKit */ = {
			isa = XCSwiftPackageProductDependency;
			package = 0DF7B69B2AAB2980008D7979 /* XCRemoteSwiftPackageReference "SwiftEntryKit" */;
			productName = SwiftEntryKit;
		};
/* End XCSwiftPackageProductDependency section */
	};
	rootObject = 0D9B89CD2A9B6A2900709A00 /* Project object */;
}
